// !$*UTF8*$!
{
	archiveVersion = 1;
	classes = {
	};
	objectVersion = 54;
	objects = {

/* Begin PBXBuildFile section */
		49239702293EF96800CC84FA /* AppDelegate.swift in Sources */ = {isa = PBXBuildFile; fileRef = 49239701293EF96800CC84FA /* AppDelegate.swift */; };
		49239706293EF96800CC84FA /* ViewController.swift in Sources */ = {isa = PBXBuildFile; fileRef = 49239705293EF96800CC84FA /* ViewController.swift */; };
		4923970B293EF96900CC84FA /* Assets.xcassets in Resources */ = {isa = PBXBuildFile; fileRef = 4923970A293EF96900CC84FA /* Assets.xcassets */; };
		4923970E293EF96900CC84FA /* LaunchScreen.storyboard in Resources */ = {isa = PBXBuildFile; fileRef = 4923970C293EF96900CC84FA /* LaunchScreen.storyboard */; };
		49239716293EFAB600CC84FA /* ViewController.xib in Resources */ = {isa = PBXBuildFile; fileRef = 49239715293EFAB600CC84FA /* ViewController.xib */; };
		49239719293EFB0200CC84FA /* AuthViewController.swift in Sources */ = {isa = PBXBuildFile; fileRef = 49239717293EFB0200CC84FA /* AuthViewController.swift */; };
		4923971A293EFB0200CC84FA /* AuthViewController.xib in Resources */ = {isa = PBXBuildFile; fileRef = 49239718293EFB0200CC84FA /* AuthViewController.xib */; };
		642B58E02966C30E0050B812 /* UILabelExt.swift in Sources */ = {isa = PBXBuildFile; fileRef = 642B58DF2966C30E0050B812 /* UILabelExt.swift */; };
		642B58E2296742330050B812 /* ButtonTapDelegate.swift in Sources */ = {isa = PBXBuildFile; fileRef = 642B58E1296742330050B812 /* ButtonTapDelegate.swift */; };
		648EB727296FEFEF001506AA /* Withdrawl.swift in Sources */ = {isa = PBXBuildFile; fileRef = 648EB726296FEFEF001506AA /* Withdrawl.swift */; };
		648EB72A297160B6001506AA /* DetailWithdrawlVC.xib in Resources */ = {isa = PBXBuildFile; fileRef = 648EB729297160B6001506AA /* DetailWithdrawlVC.xib */; };
		648EB72C297160E3001506AA /* DetailWithdrawlVC.swift in Sources */ = {isa = PBXBuildFile; fileRef = 648EB72B297160E3001506AA /* DetailWithdrawlVC.swift */; };
		648EB7302971616D001506AA /* DetailWithdrawlCell.swift in Sources */ = {isa = PBXBuildFile; fileRef = 648EB72E2971616D001506AA /* DetailWithdrawlCell.swift */; };
		648EB7312971616D001506AA /* DetailWithdrawlCell.xib in Resources */ = {isa = PBXBuildFile; fileRef = 648EB72F2971616D001506AA /* DetailWithdrawlCell.xib */; };
		648EB73329716452001506AA /* DetailWithdrawl.swift in Sources */ = {isa = PBXBuildFile; fileRef = 648EB73229716452001506AA /* DetailWithdrawl.swift */; };
		649D394529598520005E1E89 /* BuyDiamondsVC.swift in Sources */ = {isa = PBXBuildFile; fileRef = 649D394329598520005E1E89 /* BuyDiamondsVC.swift */; };
		649D394629598520005E1E89 /* BuyDiamondsVC.xib in Resources */ = {isa = PBXBuildFile; fileRef = 649D394429598520005E1E89 /* BuyDiamondsVC.xib */; };
		649D394D29599CE0005E1E89 /* DiamondCell.swift in Sources */ = {isa = PBXBuildFile; fileRef = 649D394B29599CE0005E1E89 /* DiamondCell.swift */; };
		649D394E29599CE0005E1E89 /* DiamondCell.xib in Resources */ = {isa = PBXBuildFile; fileRef = 649D394C29599CE0005E1E89 /* DiamondCell.xib */; };
		64AE6FE9296E5CC500A6AD2E /* Sarabun-Regular.ttf in Resources */ = {isa = PBXBuildFile; fileRef = 64AE6FD9296E5CC400A6AD2E /* Sarabun-Regular.ttf */; };
		64AE6FEA296E5CC500A6AD2E /* Sarabun-ThinItalic.ttf in Resources */ = {isa = PBXBuildFile; fileRef = 64AE6FDA296E5CC400A6AD2E /* Sarabun-ThinItalic.ttf */; };
		64AE6FEB296E5CC500A6AD2E /* Sarabun-MediumItalic.ttf in Resources */ = {isa = PBXBuildFile; fileRef = 64AE6FDB296E5CC500A6AD2E /* Sarabun-MediumItalic.ttf */; };
		64AE6FEC296E5CC500A6AD2E /* Sarabun-SemiBoldItalic.ttf in Resources */ = {isa = PBXBuildFile; fileRef = 64AE6FDC296E5CC500A6AD2E /* Sarabun-SemiBoldItalic.ttf */; };
		64AE6FED296E5CC500A6AD2E /* Sarabun-Light.ttf in Resources */ = {isa = PBXBuildFile; fileRef = 64AE6FDD296E5CC500A6AD2E /* Sarabun-Light.ttf */; };
		64AE6FEE296E5CC500A6AD2E /* Sarabun-ExtraBoldItalic.ttf in Resources */ = {isa = PBXBuildFile; fileRef = 64AE6FDE296E5CC500A6AD2E /* Sarabun-ExtraBoldItalic.ttf */; };
		64AE6FEF296E5CC500A6AD2E /* Sarabun-Medium.ttf in Resources */ = {isa = PBXBuildFile; fileRef = 64AE6FDF296E5CC500A6AD2E /* Sarabun-Medium.ttf */; };
		64AE6FF0296E5CC500A6AD2E /* Sarabun-ExtraBold.ttf in Resources */ = {isa = PBXBuildFile; fileRef = 64AE6FE0296E5CC500A6AD2E /* Sarabun-ExtraBold.ttf */; };
		64AE6FF1296E5CC500A6AD2E /* Sarabun-Italic.ttf in Resources */ = {isa = PBXBuildFile; fileRef = 64AE6FE1296E5CC500A6AD2E /* Sarabun-Italic.ttf */; };
		64AE6FF2296E5CC500A6AD2E /* Sarabun-ExtraLightItalic.ttf in Resources */ = {isa = PBXBuildFile; fileRef = 64AE6FE2296E5CC500A6AD2E /* Sarabun-ExtraLightItalic.ttf */; };
		64AE6FF3296E5CC500A6AD2E /* Sarabun-SemiBold.ttf in Resources */ = {isa = PBXBuildFile; fileRef = 64AE6FE3296E5CC500A6AD2E /* Sarabun-SemiBold.ttf */; };
		64AE6FF4296E5CC500A6AD2E /* Sarabun-Thin.ttf in Resources */ = {isa = PBXBuildFile; fileRef = 64AE6FE4296E5CC500A6AD2E /* Sarabun-Thin.ttf */; };
		64AE6FF5296E5CC500A6AD2E /* Sarabun-Bold.ttf in Resources */ = {isa = PBXBuildFile; fileRef = 64AE6FE5296E5CC500A6AD2E /* Sarabun-Bold.ttf */; };
		64AE6FF6296E5CC500A6AD2E /* Sarabun-BoldItalic.ttf in Resources */ = {isa = PBXBuildFile; fileRef = 64AE6FE6296E5CC500A6AD2E /* Sarabun-BoldItalic.ttf */; };
		64AE6FF7296E5CC500A6AD2E /* Sarabun-LightItalic.ttf in Resources */ = {isa = PBXBuildFile; fileRef = 64AE6FE7296E5CC500A6AD2E /* Sarabun-LightItalic.ttf */; };
		64AE6FF8296E5CC500A6AD2E /* Sarabun-ExtraLight.ttf in Resources */ = {isa = PBXBuildFile; fileRef = 64AE6FE8296E5CC500A6AD2E /* Sarabun-ExtraLight.ttf */; };
		64AE6FFA296E6D1500A6AD2E /* Sarabun.swift in Sources */ = {isa = PBXBuildFile; fileRef = 64AE6FF9296E6D1500A6AD2E /* Sarabun.swift */; };
		64AE6FFE296ECEA900A6AD2E /* WithdrawlCell.swift in Sources */ = {isa = PBXBuildFile; fileRef = 64AE6FFC296ECEA900A6AD2E /* WithdrawlCell.swift */; };
		64AE6FFF296ECEA900A6AD2E /* WithdrawlCell.xib in Resources */ = {isa = PBXBuildFile; fileRef = 64AE6FFD296ECEA900A6AD2E /* WithdrawlCell.xib */; };
		64D3A1BC2959A5D8007EC7E3 /* DiamondModel.swift in Sources */ = {isa = PBXBuildFile; fileRef = 64D3A1BB2959A5D8007EC7E3 /* DiamondModel.swift */; };
		64D3A1BF2959A8BA007EC7E3 /* IntExt.swift in Sources */ = {isa = PBXBuildFile; fileRef = 64D3A1BE2959A8BA007EC7E3 /* IntExt.swift */; };
		64D3A1C5295C209A007EC7E3 /* StringExt.swift in Sources */ = {isa = PBXBuildFile; fileRef = 64D3A1C4295C209A007EC7E3 /* StringExt.swift */; };
		64D3A1C7295C2E25007EC7E3 /* UIViewExt.swift in Sources */ = {isa = PBXBuildFile; fileRef = 64D3A1C6295C2E25007EC7E3 /* UIViewExt.swift */; };
		64E432EC296D5C42002261F9 /* WithdrawlVC.xib in Resources */ = {isa = PBXBuildFile; fileRef = 64E432EB296D5C42002261F9 /* WithdrawlVC.xib */; };
		64E432EE296D5C8F002261F9 /* WithdrawlVC.swift in Sources */ = {isa = PBXBuildFile; fileRef = 64E432ED296D5C8F002261F9 /* WithdrawlVC.swift */; };
		64E432F4296D5E67002261F9 /* ToolbarView.xib in Resources */ = {isa = PBXBuildFile; fileRef = 64E432F3296D5E67002261F9 /* ToolbarView.xib */; };
		64E432F6296D666B002261F9 /* ToolbarView.swift in Sources */ = {isa = PBXBuildFile; fileRef = 64E432F5296D666B002261F9 /* ToolbarView.swift */; };
		64EF85FD295C4154000F4EBB /* UIButton.swift in Sources */ = {isa = PBXBuildFile; fileRef = 64EF85FC295C4154000F4EBB /* UIButton.swift */; };
		64EF8601295D75D2000F4EBB /* BuydiamondsBottomSheet.swift in Sources */ = {isa = PBXBuildFile; fileRef = 64EF85FF295D75D2000F4EBB /* BuydiamondsBottomSheet.swift */; };
		64EF8602295D75D2000F4EBB /* BuydiamondsBottomSheet.xib in Resources */ = {isa = PBXBuildFile; fileRef = 64EF8600295D75D2000F4EBB /* BuydiamondsBottomSheet.xib */; };
		64EF8606295D7CB3000F4EBB /* HomeVC.swift in Sources */ = {isa = PBXBuildFile; fileRef = 64EF8604295D7CB3000F4EBB /* HomeVC.swift */; };
		64EF8607295D7CB3000F4EBB /* HomeVC.xib in Resources */ = {isa = PBXBuildFile; fileRef = 64EF8605295D7CB3000F4EBB /* HomeVC.xib */; };
		64EF8610295E94E0000F4EBB /* RewardAndTaskVC.swift in Sources */ = {isa = PBXBuildFile; fileRef = 64EF860E295E94E0000F4EBB /* RewardAndTaskVC.swift */; };
		64EF8611295E94E0000F4EBB /* RewardAndTaskVC.xib in Resources */ = {isa = PBXBuildFile; fileRef = 64EF860F295E94E0000F4EBB /* RewardAndTaskVC.xib */; };
		64EF8617295E971F000F4EBB /* LineView.xib in Resources */ = {isa = PBXBuildFile; fileRef = 64EF8616295E971F000F4EBB /* LineView.xib */; };
		64EF861B295E973C000F4EBB /* LineView.swift in Sources */ = {isa = PBXBuildFile; fileRef = 64EF861A295E973C000F4EBB /* LineView.swift */; };
		64EF8621295EC8F6000F4EBB /* RewardView.swift in Sources */ = {isa = PBXBuildFile; fileRef = 64EF8620295EC8F6000F4EBB /* RewardView.swift */; };
		64EF8623295EC95F000F4EBB /* RewardView.xib in Resources */ = {isa = PBXBuildFile; fileRef = 64EF8622295EC95F000F4EBB /* RewardView.xib */; };
		64EF8625295ECBDD000F4EBB /* RewardType.swift in Sources */ = {isa = PBXBuildFile; fileRef = 64EF8624295ECBDD000F4EBB /* RewardType.swift */; };
		64EF8627296346B7000F4EBB /* RewardItemView.swift in Sources */ = {isa = PBXBuildFile; fileRef = 64EF8626296346B7000F4EBB /* RewardItemView.swift */; };
		64EF8629296346CB000F4EBB /* RewardItemView.xib in Resources */ = {isa = PBXBuildFile; fileRef = 64EF8628296346CB000F4EBB /* RewardItemView.xib */; };
/* End PBXBuildFile section */

/* Begin PBXFileReference section */
		492396FE293EF96800CC84FA /* iOSUIKitXib.app */ = {isa = PBXFileReference; explicitFileType = wrapper.application; includeInIndex = 0; path = iOSUIKitXib.app; sourceTree = BUILT_PRODUCTS_DIR; };
		49239701293EF96800CC84FA /* AppDelegate.swift */ = {isa = PBXFileReference; lastKnownFileType = sourcecode.swift; path = AppDelegate.swift; sourceTree = "<group>"; };
		49239705293EF96800CC84FA /* ViewController.swift */ = {isa = PBXFileReference; lastKnownFileType = sourcecode.swift; path = ViewController.swift; sourceTree = "<group>"; };
		4923970A293EF96900CC84FA /* Assets.xcassets */ = {isa = PBXFileReference; lastKnownFileType = folder.assetcatalog; path = Assets.xcassets; sourceTree = "<group>"; };
		4923970D293EF96900CC84FA /* Base */ = {isa = PBXFileReference; lastKnownFileType = file.storyboard; name = Base; path = Base.lproj/LaunchScreen.storyboard; sourceTree = "<group>"; };
		4923970F293EF96900CC84FA /* Info.plist */ = {isa = PBXFileReference; lastKnownFileType = text.plist.xml; path = Info.plist; sourceTree = "<group>"; };
		49239715293EFAB600CC84FA /* ViewController.xib */ = {isa = PBXFileReference; lastKnownFileType = file.xib; path = ViewController.xib; sourceTree = "<group>"; };
		49239717293EFB0200CC84FA /* AuthViewController.swift */ = {isa = PBXFileReference; lastKnownFileType = sourcecode.swift; path = AuthViewController.swift; sourceTree = "<group>"; };
		49239718293EFB0200CC84FA /* AuthViewController.xib */ = {isa = PBXFileReference; lastKnownFileType = file.xib; path = AuthViewController.xib; sourceTree = "<group>"; };
		642B58DF2966C30E0050B812 /* UILabelExt.swift */ = {isa = PBXFileReference; lastKnownFileType = sourcecode.swift; path = UILabelExt.swift; sourceTree = "<group>"; };
		642B58E1296742330050B812 /* ButtonTapDelegate.swift */ = {isa = PBXFileReference; lastKnownFileType = sourcecode.swift; path = ButtonTapDelegate.swift; sourceTree = "<group>"; };
		648EB726296FEFEF001506AA /* Withdrawl.swift */ = {isa = PBXFileReference; lastKnownFileType = sourcecode.swift; path = Withdrawl.swift; sourceTree = "<group>"; };
		648EB729297160B6001506AA /* DetailWithdrawlVC.xib */ = {isa = PBXFileReference; lastKnownFileType = file.xib; path = DetailWithdrawlVC.xib; sourceTree = "<group>"; };
		648EB72B297160E3001506AA /* DetailWithdrawlVC.swift */ = {isa = PBXFileReference; lastKnownFileType = sourcecode.swift; path = DetailWithdrawlVC.swift; sourceTree = "<group>"; };
		648EB72E2971616D001506AA /* DetailWithdrawlCell.swift */ = {isa = PBXFileReference; lastKnownFileType = sourcecode.swift; path = DetailWithdrawlCell.swift; sourceTree = "<group>"; };
		648EB72F2971616D001506AA /* DetailWithdrawlCell.xib */ = {isa = PBXFileReference; lastKnownFileType = file.xib; path = DetailWithdrawlCell.xib; sourceTree = "<group>"; };
		648EB73229716452001506AA /* DetailWithdrawl.swift */ = {isa = PBXFileReference; lastKnownFileType = sourcecode.swift; path = DetailWithdrawl.swift; sourceTree = "<group>"; };
		649D394329598520005E1E89 /* BuyDiamondsVC.swift */ = {isa = PBXFileReference; lastKnownFileType = sourcecode.swift; path = BuyDiamondsVC.swift; sourceTree = "<group>"; };
		649D394429598520005E1E89 /* BuyDiamondsVC.xib */ = {isa = PBXFileReference; lastKnownFileType = file.xib; path = BuyDiamondsVC.xib; sourceTree = "<group>"; };
		649D394B29599CE0005E1E89 /* DiamondCell.swift */ = {isa = PBXFileReference; lastKnownFileType = sourcecode.swift; path = DiamondCell.swift; sourceTree = "<group>"; };
		649D394C29599CE0005E1E89 /* DiamondCell.xib */ = {isa = PBXFileReference; lastKnownFileType = file.xib; path = DiamondCell.xib; sourceTree = "<group>"; };
		64AE6FD9296E5CC400A6AD2E /* Sarabun-Regular.ttf */ = {isa = PBXFileReference; lastKnownFileType = file; path = "Sarabun-Regular.ttf"; sourceTree = "<group>"; };
		64AE6FDA296E5CC400A6AD2E /* Sarabun-ThinItalic.ttf */ = {isa = PBXFileReference; lastKnownFileType = file; path = "Sarabun-ThinItalic.ttf"; sourceTree = "<group>"; };
		64AE6FDB296E5CC500A6AD2E /* Sarabun-MediumItalic.ttf */ = {isa = PBXFileReference; lastKnownFileType = file; path = "Sarabun-MediumItalic.ttf"; sourceTree = "<group>"; };
		64AE6FDC296E5CC500A6AD2E /* Sarabun-SemiBoldItalic.ttf */ = {isa = PBXFileReference; lastKnownFileType = file; path = "Sarabun-SemiBoldItalic.ttf"; sourceTree = "<group>"; };
		64AE6FDD296E5CC500A6AD2E /* Sarabun-Light.ttf */ = {isa = PBXFileReference; lastKnownFileType = file; path = "Sarabun-Light.ttf"; sourceTree = "<group>"; };
		64AE6FDE296E5CC500A6AD2E /* Sarabun-ExtraBoldItalic.ttf */ = {isa = PBXFileReference; lastKnownFileType = file; path = "Sarabun-ExtraBoldItalic.ttf"; sourceTree = "<group>"; };
		64AE6FDF296E5CC500A6AD2E /* Sarabun-Medium.ttf */ = {isa = PBXFileReference; lastKnownFileType = file; path = "Sarabun-Medium.ttf"; sourceTree = "<group>"; };
		64AE6FE0296E5CC500A6AD2E /* Sarabun-ExtraBold.ttf */ = {isa = PBXFileReference; lastKnownFileType = file; path = "Sarabun-ExtraBold.ttf"; sourceTree = "<group>"; };
		64AE6FE1296E5CC500A6AD2E /* Sarabun-Italic.ttf */ = {isa = PBXFileReference; lastKnownFileType = file; path = "Sarabun-Italic.ttf"; sourceTree = "<group>"; };
		64AE6FE2296E5CC500A6AD2E /* Sarabun-ExtraLightItalic.ttf */ = {isa = PBXFileReference; lastKnownFileType = file; path = "Sarabun-ExtraLightItalic.ttf"; sourceTree = "<group>"; };
		64AE6FE3296E5CC500A6AD2E /* Sarabun-SemiBold.ttf */ = {isa = PBXFileReference; lastKnownFileType = file; path = "Sarabun-SemiBold.ttf"; sourceTree = "<group>"; };
		64AE6FE4296E5CC500A6AD2E /* Sarabun-Thin.ttf */ = {isa = PBXFileReference; lastKnownFileType = file; path = "Sarabun-Thin.ttf"; sourceTree = "<group>"; };
		64AE6FE5296E5CC500A6AD2E /* Sarabun-Bold.ttf */ = {isa = PBXFileReference; lastKnownFileType = file; path = "Sarabun-Bold.ttf"; sourceTree = "<group>"; };
		64AE6FE6296E5CC500A6AD2E /* Sarabun-BoldItalic.ttf */ = {isa = PBXFileReference; lastKnownFileType = file; path = "Sarabun-BoldItalic.ttf"; sourceTree = "<group>"; };
		64AE6FE7296E5CC500A6AD2E /* Sarabun-LightItalic.ttf */ = {isa = PBXFileReference; lastKnownFileType = file; path = "Sarabun-LightItalic.ttf"; sourceTree = "<group>"; };
		64AE6FE8296E5CC500A6AD2E /* Sarabun-ExtraLight.ttf */ = {isa = PBXFileReference; lastKnownFileType = file; path = "Sarabun-ExtraLight.ttf"; sourceTree = "<group>"; };
		64AE6FF9296E6D1500A6AD2E /* Sarabun.swift */ = {isa = PBXFileReference; lastKnownFileType = sourcecode.swift; path = Sarabun.swift; sourceTree = "<group>"; };
		64AE6FFC296ECEA900A6AD2E /* WithdrawlCell.swift */ = {isa = PBXFileReference; lastKnownFileType = sourcecode.swift; path = WithdrawlCell.swift; sourceTree = "<group>"; };
		64AE6FFD296ECEA900A6AD2E /* WithdrawlCell.xib */ = {isa = PBXFileReference; lastKnownFileType = file.xib; path = WithdrawlCell.xib; sourceTree = "<group>"; };
		64D3A1BB2959A5D8007EC7E3 /* DiamondModel.swift */ = {isa = PBXFileReference; lastKnownFileType = sourcecode.swift; path = DiamondModel.swift; sourceTree = "<group>"; };
		64D3A1BE2959A8BA007EC7E3 /* IntExt.swift */ = {isa = PBXFileReference; lastKnownFileType = sourcecode.swift; path = IntExt.swift; sourceTree = "<group>"; };
		64D3A1C4295C209A007EC7E3 /* StringExt.swift */ = {isa = PBXFileReference; lastKnownFileType = sourcecode.swift; path = StringExt.swift; sourceTree = "<group>"; };
		64D3A1C6295C2E25007EC7E3 /* UIViewExt.swift */ = {isa = PBXFileReference; lastKnownFileType = sourcecode.swift; path = UIViewExt.swift; sourceTree = "<group>"; };
		64E432EB296D5C42002261F9 /* WithdrawlVC.xib */ = {isa = PBXFileReference; lastKnownFileType = file.xib; path = WithdrawlVC.xib; sourceTree = "<group>"; };
		64E432ED296D5C8F002261F9 /* WithdrawlVC.swift */ = {isa = PBXFileReference; lastKnownFileType = sourcecode.swift; path = WithdrawlVC.swift; sourceTree = "<group>"; };
		64E432F3296D5E67002261F9 /* ToolbarView.xib */ = {isa = PBXFileReference; lastKnownFileType = file.xib; path = ToolbarView.xib; sourceTree = "<group>"; };
		64E432F5296D666B002261F9 /* ToolbarView.swift */ = {isa = PBXFileReference; lastKnownFileType = sourcecode.swift; path = ToolbarView.swift; sourceTree = "<group>"; };
		64EF85FC295C4154000F4EBB /* UIButton.swift */ = {isa = PBXFileReference; lastKnownFileType = sourcecode.swift; path = UIButton.swift; sourceTree = "<group>"; };
		64EF85FF295D75D2000F4EBB /* BuydiamondsBottomSheet.swift */ = {isa = PBXFileReference; lastKnownFileType = sourcecode.swift; path = BuydiamondsBottomSheet.swift; sourceTree = "<group>"; };
		64EF8600295D75D2000F4EBB /* BuydiamondsBottomSheet.xib */ = {isa = PBXFileReference; lastKnownFileType = file.xib; path = BuydiamondsBottomSheet.xib; sourceTree = "<group>"; };
		64EF8604295D7CB3000F4EBB /* HomeVC.swift */ = {isa = PBXFileReference; lastKnownFileType = sourcecode.swift; path = HomeVC.swift; sourceTree = "<group>"; };
		64EF8605295D7CB3000F4EBB /* HomeVC.xib */ = {isa = PBXFileReference; lastKnownFileType = file.xib; path = HomeVC.xib; sourceTree = "<group>"; };
		64EF860E295E94E0000F4EBB /* RewardAndTaskVC.swift */ = {isa = PBXFileReference; lastKnownFileType = sourcecode.swift; path = RewardAndTaskVC.swift; sourceTree = "<group>"; };
		64EF860F295E94E0000F4EBB /* RewardAndTaskVC.xib */ = {isa = PBXFileReference; lastKnownFileType = file.xib; path = RewardAndTaskVC.xib; sourceTree = "<group>"; };
		64EF8616295E971F000F4EBB /* LineView.xib */ = {isa = PBXFileReference; lastKnownFileType = file.xib; path = LineView.xib; sourceTree = "<group>"; };
		64EF861A295E973C000F4EBB /* LineView.swift */ = {isa = PBXFileReference; lastKnownFileType = sourcecode.swift; path = LineView.swift; sourceTree = "<group>"; };
		64EF8620295EC8F6000F4EBB /* RewardView.swift */ = {isa = PBXFileReference; lastKnownFileType = sourcecode.swift; path = RewardView.swift; sourceTree = "<group>"; };
		64EF8622295EC95F000F4EBB /* RewardView.xib */ = {isa = PBXFileReference; lastKnownFileType = file.xib; path = RewardView.xib; sourceTree = "<group>"; };
		64EF8624295ECBDD000F4EBB /* RewardType.swift */ = {isa = PBXFileReference; lastKnownFileType = sourcecode.swift; path = RewardType.swift; sourceTree = "<group>"; };
		64EF8626296346B7000F4EBB /* RewardItemView.swift */ = {isa = PBXFileReference; lastKnownFileType = sourcecode.swift; path = RewardItemView.swift; sourceTree = "<group>"; };
		64EF8628296346CB000F4EBB /* RewardItemView.xib */ = {isa = PBXFileReference; lastKnownFileType = file.xib; path = RewardItemView.xib; sourceTree = "<group>"; };
/* End PBXFileReference section */

/* Begin PBXFrameworksBuildPhase section */
		492396FB293EF96800CC84FA /* Frameworks */ = {
			isa = PBXFrameworksBuildPhase;
			buildActionMask = 2147483647;
			files = (
			);
			runOnlyForDeploymentPostprocessing = 0;
		};
/* End PBXFrameworksBuildPhase section */

/* Begin PBXGroup section */
		492396F5293EF96800CC84FA = {
			isa = PBXGroup;
			children = (
				49239700293EF96800CC84FA /* iOSUIKitXib */,
				492396FF293EF96800CC84FA /* Products */,
			);
			sourceTree = "<group>";
		};
		492396FF293EF96800CC84FA /* Products */ = {
			isa = PBXGroup;
			children = (
				492396FE293EF96800CC84FA /* iOSUIKitXib.app */,
			);
			name = Products;
			sourceTree = "<group>";
		};
		49239700293EF96800CC84FA /* iOSUIKitXib */ = {
			isa = PBXGroup;
			children = (
				64E432EA296D5A66002261F9 /* Withdrawal */,
				64EF8608295D980A000F4EBB /* RewardAndTask */,
				649D39422959849D005E1E89 /* BuyDiamonds */,
				49239701293EF96800CC84FA /* AppDelegate.swift */,
				649D394729599206005E1E89 /* Font */,
				49239705293EF96800CC84FA /* ViewController.swift */,
				49239715293EFAB600CC84FA /* ViewController.xib */,
				49239717293EFB0200CC84FA /* AuthViewController.swift */,
				49239718293EFB0200CC84FA /* AuthViewController.xib */,
				4923970A293EF96900CC84FA /* Assets.xcassets */,
				4923970C293EF96900CC84FA /* LaunchScreen.storyboard */,
				4923970F293EF96900CC84FA /* Info.plist */,
			);
			path = iOSUIKitXib;
			sourceTree = "<group>";
		};
		648EB72829716052001506AA /* DetailWithdrawal */ = {
			isa = PBXGroup;
			children = (
				648EB72D29716148001506AA /* Cell */,
				648EB729297160B6001506AA /* DetailWithdrawlVC.xib */,
				648EB72B297160E3001506AA /* DetailWithdrawlVC.swift */,
			);
			path = DetailWithdrawal;
			sourceTree = "<group>";
		};
		648EB72D29716148001506AA /* Cell */ = {
			isa = PBXGroup;
			children = (
				648EB72E2971616D001506AA /* DetailWithdrawlCell.swift */,
				648EB72F2971616D001506AA /* DetailWithdrawlCell.xib */,
				648EB73229716452001506AA /* DetailWithdrawl.swift */,
			);
			path = Cell;
			sourceTree = "<group>";
		};
		649D39422959849D005E1E89 /* BuyDiamonds */ = {
			isa = PBXGroup;
			children = (
				64EF8603295D7C80000F4EBB /* HomeVC */,
				64EF85FE295D75A4000F4EBB /* BuyDiamondsBottomSheet */,
				64D3A1BD2959A8A5007EC7E3 /* Extension */,
				649D394A29599C92005E1E89 /* Cell */,
				649D394329598520005E1E89 /* BuyDiamondsVC.swift */,
				649D394429598520005E1E89 /* BuyDiamondsVC.xib */,
			);
			path = BuyDiamonds;
			sourceTree = "<group>";
		};
		649D394729599206005E1E89 /* Font */ = {
			isa = PBXGroup;
			children = (
				64AE6FD8296E5C8300A6AD2E /* Sarabun */,
			);
			path = Font;
			sourceTree = "<group>";
		};
		649D394A29599C92005E1E89 /* Cell */ = {
			isa = PBXGroup;
			children = (
				649D394B29599CE0005E1E89 /* DiamondCell.swift */,
				649D394C29599CE0005E1E89 /* DiamondCell.xib */,
				64D3A1BB2959A5D8007EC7E3 /* DiamondModel.swift */,
			);
			path = Cell;
			sourceTree = "<group>";
		};
		64AE6FD8296E5C8300A6AD2E /* Sarabun */ = {
			isa = PBXGroup;
			children = (
				64AE6FF9296E6D1500A6AD2E /* Sarabun.swift */,
				64AE6FE5296E5CC500A6AD2E /* Sarabun-Bold.ttf */,
				64AE6FE6296E5CC500A6AD2E /* Sarabun-BoldItalic.ttf */,
				64AE6FE0296E5CC500A6AD2E /* Sarabun-ExtraBold.ttf */,
				64AE6FDE296E5CC500A6AD2E /* Sarabun-ExtraBoldItalic.ttf */,
				64AE6FE8296E5CC500A6AD2E /* Sarabun-ExtraLight.ttf */,
				64AE6FE2296E5CC500A6AD2E /* Sarabun-ExtraLightItalic.ttf */,
				64AE6FE1296E5CC500A6AD2E /* Sarabun-Italic.ttf */,
				64AE6FDD296E5CC500A6AD2E /* Sarabun-Light.ttf */,
				64AE6FE7296E5CC500A6AD2E /* Sarabun-LightItalic.ttf */,
				64AE6FDF296E5CC500A6AD2E /* Sarabun-Medium.ttf */,
				64AE6FDB296E5CC500A6AD2E /* Sarabun-MediumItalic.ttf */,
				64AE6FD9296E5CC400A6AD2E /* Sarabun-Regular.ttf */,
				64AE6FE3296E5CC500A6AD2E /* Sarabun-SemiBold.ttf */,
				64AE6FDC296E5CC500A6AD2E /* Sarabun-SemiBoldItalic.ttf */,
				64AE6FE4296E5CC500A6AD2E /* Sarabun-Thin.ttf */,
				64AE6FDA296E5CC400A6AD2E /* Sarabun-ThinItalic.ttf */,
			);
			path = Sarabun;
			sourceTree = "<group>";
		};
		64AE6FFB296ECE6B00A6AD2E /* WithdrawlCell */ = {
			isa = PBXGroup;
			children = (
				64AE6FFC296ECEA900A6AD2E /* WithdrawlCell.swift */,
				64AE6FFD296ECEA900A6AD2E /* WithdrawlCell.xib */,
				648EB726296FEFEF001506AA /* Withdrawl.swift */,
			);
			path = WithdrawlCell;
			sourceTree = "<group>";
		};
		64D3A1BD2959A8A5007EC7E3 /* Extension */ = {
			isa = PBXGroup;
			children = (
				64D3A1BE2959A8BA007EC7E3 /* IntExt.swift */,
				64D3A1C4295C209A007EC7E3 /* StringExt.swift */,
				64D3A1C6295C2E25007EC7E3 /* UIViewExt.swift */,
				64EF85FC295C4154000F4EBB /* UIButton.swift */,
				642B58DF2966C30E0050B812 /* UILabelExt.swift */,
			);
			path = Extension;
			sourceTree = "<group>";
		};
		64E432EA296D5A66002261F9 /* Withdrawal */ = {
			isa = PBXGroup;
			children = (
				64E432EF296D5CCE002261F9 /* Widget */,
				64E432EB296D5C42002261F9 /* WithdrawlVC.xib */,
				64E432ED296D5C8F002261F9 /* WithdrawlVC.swift */,
			);
			path = Withdrawal;
			sourceTree = "<group>";
		};
		64E432EF296D5CCE002261F9 /* Widget */ = {
			isa = PBXGroup;
			children = (
				648EB72829716052001506AA /* DetailWithdrawal */,
				64AE6FFB296ECE6B00A6AD2E /* WithdrawlCell */,
				64E432F2296D5E3F002261F9 /* ToolBar */,
			);
			path = Widget;
			sourceTree = "<group>";
		};
		64E432F2296D5E3F002261F9 /* ToolBar */ = {
			isa = PBXGroup;
			children = (
				64E432F3296D5E67002261F9 /* ToolbarView.xib */,
				64E432F5296D666B002261F9 /* ToolbarView.swift */,
			);
			path = ToolBar;
			sourceTree = "<group>";
		};
		64EF85FE295D75A4000F4EBB /* BuyDiamondsBottomSheet */ = {
			isa = PBXGroup;
			children = (
				64EF85FF295D75D2000F4EBB /* BuydiamondsBottomSheet.swift */,
				64EF8600295D75D2000F4EBB /* BuydiamondsBottomSheet.xib */,
			);
			path = BuyDiamondsBottomSheet;
			sourceTree = "<group>";
		};
		64EF8603295D7C80000F4EBB /* HomeVC */ = {
			isa = PBXGroup;
			children = (
				64EF8604295D7CB3000F4EBB /* HomeVC.swift */,
				64EF8605295D7CB3000F4EBB /* HomeVC.xib */,
			);
			path = HomeVC;
			sourceTree = "<group>";
		};
		64EF8608295D980A000F4EBB /* RewardAndTask */ = {
			isa = PBXGroup;
			children = (
				64EF8612295E96B8000F4EBB /* Widget */,
				64EF860E295E94E0000F4EBB /* RewardAndTaskVC.swift */,
				64EF860F295E94E0000F4EBB /* RewardAndTaskVC.xib */,
				64EF8624295ECBDD000F4EBB /* RewardType.swift */,
			);
			path = RewardAndTask;
			sourceTree = "<group>";
		};
		64EF8609295D9F5D000F4EBB /* RewardVC */ = {
			isa = PBXGroup;
			children = (
				64EF8620295EC8F6000F4EBB /* RewardView.swift */,
				64EF8622295EC95F000F4EBB /* RewardView.xib */,
				64EF8626296346B7000F4EBB /* RewardItemView.swift */,
				64EF8628296346CB000F4EBB /* RewardItemView.xib */,
			);
			path = RewardVC;
			sourceTree = "<group>";
		};
		64EF8612295E96B8000F4EBB /* Widget */ = {
			isa = PBXGroup;
			children = (
				64EF8609295D9F5D000F4EBB /* RewardVC */,
				64EF8613295E96C2000F4EBB /* LineView */,
				642B58E1296742330050B812 /* ButtonTapDelegate.swift */,
			);
			path = Widget;
			sourceTree = "<group>";
		};
		64EF8613295E96C2000F4EBB /* LineView */ = {
			isa = PBXGroup;
			children = (
				64EF8616295E971F000F4EBB /* LineView.xib */,
				64EF861A295E973C000F4EBB /* LineView.swift */,
			);
			path = LineView;
			sourceTree = "<group>";
		};
/* End PBXGroup section */

/* Begin PBXNativeTarget section */
		492396FD293EF96800CC84FA /* iOSUIKitXib */ = {
			isa = PBXNativeTarget;
			buildConfigurationList = 49239712293EF96900CC84FA /* Build configuration list for PBXNativeTarget "iOSUIKitXib" */;
			buildPhases = (
				492396FA293EF96800CC84FA /* Sources */,
				492396FB293EF96800CC84FA /* Frameworks */,
				492396FC293EF96800CC84FA /* Resources */,
			);
			buildRules = (
			);
			dependencies = (
			);
			name = iOSUIKitXib;
			productName = iOSUIKitXib;
			productReference = 492396FE293EF96800CC84FA /* iOSUIKitXib.app */;
			productType = "com.apple.product-type.application";
		};
/* End PBXNativeTarget section */

/* Begin PBXProject section */
		492396F6293EF96800CC84FA /* Project object */ = {
			isa = PBXProject;
			attributes = {
				BuildIndependentTargetsInParallel = 1;
				LastSwiftUpdateCheck = 1410;
				LastUpgradeCheck = 1410;
				TargetAttributes = {
					492396FD293EF96800CC84FA = {
						CreatedOnToolsVersion = 14.1;
					};
				};
			};
			buildConfigurationList = 492396F9293EF96800CC84FA /* Build configuration list for PBXProject "iOSUIKitXib" */;
			compatibilityVersion = "Xcode 12.0";
			developmentRegion = en;
			hasScannedForEncodings = 0;
			knownRegions = (
				en,
				Base,
			);
			mainGroup = 492396F5293EF96800CC84FA;
			productRefGroup = 492396FF293EF96800CC84FA /* Products */;
			projectDirPath = "";
			projectRoot = "";
			targets = (
				492396FD293EF96800CC84FA /* iOSUIKitXib */,
			);
		};
/* End PBXProject section */

/* Begin PBXResourcesBuildPhase section */
		492396FC293EF96800CC84FA /* Resources */ = {
			isa = PBXResourcesBuildPhase;
			buildActionMask = 2147483647;
			files = (
				64EF8611295E94E0000F4EBB /* RewardAndTaskVC.xib in Resources */,
				64E432F4296D5E67002261F9 /* ToolbarView.xib in Resources */,
				64EF8602295D75D2000F4EBB /* BuydiamondsBottomSheet.xib in Resources */,
				64AE6FF0296E5CC500A6AD2E /* Sarabun-ExtraBold.ttf in Resources */,
				64AE6FE9296E5CC500A6AD2E /* Sarabun-Regular.ttf in Resources */,
				64AE6FF8296E5CC500A6AD2E /* Sarabun-ExtraLight.ttf in Resources */,
				64AE6FEA296E5CC500A6AD2E /* Sarabun-ThinItalic.ttf in Resources */,
				64AE6FF7296E5CC500A6AD2E /* Sarabun-LightItalic.ttf in Resources */,
				648EB72A297160B6001506AA /* DetailWithdrawlVC.xib in Resources */,
				4923971A293EFB0200CC84FA /* AuthViewController.xib in Resources */,
				649D394629598520005E1E89 /* BuyDiamondsVC.xib in Resources */,
				64AE6FFF296ECEA900A6AD2E /* WithdrawlCell.xib in Resources */,
				64E432EC296D5C42002261F9 /* WithdrawlVC.xib in Resources */,
				64AE6FEC296E5CC500A6AD2E /* Sarabun-SemiBoldItalic.ttf in Resources */,
				64AE6FF6296E5CC500A6AD2E /* Sarabun-BoldItalic.ttf in Resources */,
				64EF8629296346CB000F4EBB /* RewardItemView.xib in Resources */,
				64EF8617295E971F000F4EBB /* LineView.xib in Resources */,
				64AE6FEE296E5CC500A6AD2E /* Sarabun-ExtraBoldItalic.ttf in Resources */,
				64AE6FED296E5CC500A6AD2E /* Sarabun-Light.ttf in Resources */,
				64AE6FEB296E5CC500A6AD2E /* Sarabun-MediumItalic.ttf in Resources */,
				64AE6FF1296E5CC500A6AD2E /* Sarabun-Italic.ttf in Resources */,
				64AE6FF4296E5CC500A6AD2E /* Sarabun-Thin.ttf in Resources */,
				4923970E293EF96900CC84FA /* LaunchScreen.storyboard in Resources */,
				64AE6FEF296E5CC500A6AD2E /* Sarabun-Medium.ttf in Resources */,
				64AE6FF5296E5CC500A6AD2E /* Sarabun-Bold.ttf in Resources */,
				64EF8607295D7CB3000F4EBB /* HomeVC.xib in Resources */,
				64AE6FF2296E5CC500A6AD2E /* Sarabun-ExtraLightItalic.ttf in Resources */,
				649D394E29599CE0005E1E89 /* DiamondCell.xib in Resources */,
				648EB7312971616D001506AA /* DetailWithdrawlCell.xib in Resources */,
				49239716293EFAB600CC84FA /* ViewController.xib in Resources */,
				4923970B293EF96900CC84FA /* Assets.xcassets in Resources */,
				64EF8623295EC95F000F4EBB /* RewardView.xib in Resources */,
				64AE6FF3296E5CC500A6AD2E /* Sarabun-SemiBold.ttf in Resources */,
			);
			runOnlyForDeploymentPostprocessing = 0;
		};
/* End PBXResourcesBuildPhase section */

/* Begin PBXSourcesBuildPhase section */
		492396FA293EF96800CC84FA /* Sources */ = {
			isa = PBXSourcesBuildPhase;
			buildActionMask = 2147483647;
			files = (
				64EF8601295D75D2000F4EBB /* BuydiamondsBottomSheet.swift in Sources */,
				64AE6FFE296ECEA900A6AD2E /* WithdrawlCell.swift in Sources */,
				64D3A1C7295C2E25007EC7E3 /* UIViewExt.swift in Sources */,
				648EB72C297160E3001506AA /* DetailWithdrawlVC.swift in Sources */,
				64EF8625295ECBDD000F4EBB /* RewardType.swift in Sources */,
				49239706293EF96800CC84FA /* ViewController.swift in Sources */,
				49239719293EFB0200CC84FA /* AuthViewController.swift in Sources */,
				649D394D29599CE0005E1E89 /* DiamondCell.swift in Sources */,
				648EB73329716452001506AA /* DetailWithdrawl.swift in Sources */,
				64AE6FFA296E6D1500A6AD2E /* Sarabun.swift in Sources */,
				648EB727296FEFEF001506AA /* Withdrawl.swift in Sources */,
				64EF8610295E94E0000F4EBB /* RewardAndTaskVC.swift in Sources */,
				64D3A1C5295C209A007EC7E3 /* StringExt.swift in Sources */,
				64EF8627296346B7000F4EBB /* RewardItemView.swift in Sources */,
				64EF861B295E973C000F4EBB /* LineView.swift in Sources */,
				64EF85FD295C4154000F4EBB /* UIButton.swift in Sources */,
				64D3A1BF2959A8BA007EC7E3 /* IntExt.swift in Sources */,
				64E432EE296D5C8F002261F9 /* WithdrawlVC.swift in Sources */,
				649D394529598520005E1E89 /* BuyDiamondsVC.swift in Sources */,
				64EF8606295D7CB3000F4EBB /* HomeVC.swift in Sources */,
				64D3A1BC2959A5D8007EC7E3 /* DiamondModel.swift in Sources */,
				64EF8621295EC8F6000F4EBB /* RewardView.swift in Sources */,
				642B58E02966C30E0050B812 /* UILabelExt.swift in Sources */,
				49239702293EF96800CC84FA /* AppDelegate.swift in Sources */,
				648EB7302971616D001506AA /* DetailWithdrawlCell.swift in Sources */,
				642B58E2296742330050B812 /* ButtonTapDelegate.swift in Sources */,
				64E432F6296D666B002261F9 /* ToolbarView.swift in Sources */,
			);
			runOnlyForDeploymentPostprocessing = 0;
		};
/* End PBXSourcesBuildPhase section */

/* Begin PBXVariantGroup section */
		4923970C293EF96900CC84FA /* LaunchScreen.storyboard */ = {
			isa = PBXVariantGroup;
			children = (
				4923970D293EF96900CC84FA /* Base */,
			);
			name = LaunchScreen.storyboard;
			sourceTree = "<group>";
		};
/* End PBXVariantGroup section */

/* Begin XCBuildConfiguration section */
		49239710293EF96900CC84FA /* Debug */ = {
			isa = XCBuildConfiguration;
			buildSettings = {
				ALWAYS_SEARCH_USER_PATHS = NO;
				CLANG_ANALYZER_NONNULL = YES;
				CLANG_ANALYZER_NUMBER_OBJECT_CONVERSION = YES_AGGRESSIVE;
				CLANG_CXX_LANGUAGE_STANDARD = "gnu++20";
				CLANG_ENABLE_MODULES = YES;
				CLANG_ENABLE_OBJC_ARC = YES;
				CLANG_ENABLE_OBJC_WEAK = YES;
				CLANG_WARN_BLOCK_CAPTURE_AUTORELEASING = YES;
				CLANG_WARN_BOOL_CONVERSION = YES;
				CLANG_WARN_COMMA = YES;
				CLANG_WARN_CONSTANT_CONVERSION = YES;
				CLANG_WARN_DEPRECATED_OBJC_IMPLEMENTATIONS = YES;
				CLANG_WARN_DIRECT_OBJC_ISA_USAGE = YES_ERROR;
				CLANG_WARN_DOCUMENTATION_COMMENTS = YES;
				CLANG_WARN_EMPTY_BODY = YES;
				CLANG_WARN_ENUM_CONVERSION = YES;
				CLANG_WARN_INFINITE_RECURSION = YES;
				CLANG_WARN_INT_CONVERSION = YES;
				CLANG_WARN_NON_LITERAL_NULL_CONVERSION = YES;
				CLANG_WARN_OBJC_IMPLICIT_RETAIN_SELF = YES;
				CLANG_WARN_OBJC_LITERAL_CONVERSION = YES;
				CLANG_WARN_OBJC_ROOT_CLASS = YES_ERROR;
				CLANG_WARN_QUOTED_INCLUDE_IN_FRAMEWORK_HEADER = YES;
				CLANG_WARN_RANGE_LOOP_ANALYSIS = YES;
				CLANG_WARN_STRICT_PROTOTYPES = YES;
				CLANG_WARN_SUSPICIOUS_MOVE = YES;
				CLANG_WARN_UNGUARDED_AVAILABILITY = YES_AGGRESSIVE;
				CLANG_WARN_UNREACHABLE_CODE = YES;
				CLANG_WARN__DUPLICATE_METHOD_MATCH = YES;
				COPY_PHASE_STRIP = NO;
				DEBUG_INFORMATION_FORMAT = dwarf;
				ENABLE_STRICT_OBJC_MSGSEND = YES;
				ENABLE_TESTABILITY = YES;
				GCC_C_LANGUAGE_STANDARD = gnu11;
				GCC_DYNAMIC_NO_PIC = NO;
				GCC_NO_COMMON_BLOCKS = YES;
				GCC_OPTIMIZATION_LEVEL = 0;
				GCC_PREPROCESSOR_DEFINITIONS = (
					"DEBUG=1",
					"$(inherited)",
				);
				GCC_WARN_64_TO_32_BIT_CONVERSION = YES;
				GCC_WARN_ABOUT_RETURN_TYPE = YES_ERROR;
				GCC_WARN_UNDECLARED_SELECTOR = YES;
				GCC_WARN_UNINITIALIZED_AUTOS = YES_AGGRESSIVE;
				GCC_WARN_UNUSED_FUNCTION = YES;
				GCC_WARN_UNUSED_VARIABLE = YES;
				IPHONEOS_DEPLOYMENT_TARGET = 12.0;
				MTL_ENABLE_DEBUG_INFO = INCLUDE_SOURCE;
				MTL_FAST_MATH = YES;
				ONLY_ACTIVE_ARCH = YES;
				SDKROOT = iphoneos;
				SWIFT_ACTIVE_COMPILATION_CONDITIONS = DEBUG;
				SWIFT_OPTIMIZATION_LEVEL = "-Onone";
			};
			name = Debug;
		};
		49239711293EF96900CC84FA /* Release */ = {
			isa = XCBuildConfiguration;
			buildSettings = {
				ALWAYS_SEARCH_USER_PATHS = NO;
				CLANG_ANALYZER_NONNULL = YES;
				CLANG_ANALYZER_NUMBER_OBJECT_CONVERSION = YES_AGGRESSIVE;
				CLANG_CXX_LANGUAGE_STANDARD = "gnu++20";
				CLANG_ENABLE_MODULES = YES;
				CLANG_ENABLE_OBJC_ARC = YES;
				CLANG_ENABLE_OBJC_WEAK = YES;
				CLANG_WARN_BLOCK_CAPTURE_AUTORELEASING = YES;
				CLANG_WARN_BOOL_CONVERSION = YES;
				CLANG_WARN_COMMA = YES;
				CLANG_WARN_CONSTANT_CONVERSION = YES;
				CLANG_WARN_DEPRECATED_OBJC_IMPLEMENTATIONS = YES;
				CLANG_WARN_DIRECT_OBJC_ISA_USAGE = YES_ERROR;
				CLANG_WARN_DOCUMENTATION_COMMENTS = YES;
				CLANG_WARN_EMPTY_BODY = YES;
				CLANG_WARN_ENUM_CONVERSION = YES;
				CLANG_WARN_INFINITE_RECURSION = YES;
				CLANG_WARN_INT_CONVERSION = YES;
				CLANG_WARN_NON_LITERAL_NULL_CONVERSION = YES;
				CLANG_WARN_OBJC_IMPLICIT_RETAIN_SELF = YES;
				CLANG_WARN_OBJC_LITERAL_CONVERSION = YES;
				CLANG_WARN_OBJC_ROOT_CLASS = YES_ERROR;
				CLANG_WARN_QUOTED_INCLUDE_IN_FRAMEWORK_HEADER = YES;
				CLANG_WARN_RANGE_LOOP_ANALYSIS = YES;
				CLANG_WARN_STRICT_PROTOTYPES = YES;
				CLANG_WARN_SUSPICIOUS_MOVE = YES;
				CLANG_WARN_UNGUARDED_AVAILABILITY = YES_AGGRESSIVE;
				CLANG_WARN_UNREACHABLE_CODE = YES;
				CLANG_WARN__DUPLICATE_METHOD_MATCH = YES;
				COPY_PHASE_STRIP = NO;
				DEBUG_INFORMATION_FORMAT = "dwarf-with-dsym";
				ENABLE_NS_ASSERTIONS = NO;
				ENABLE_STRICT_OBJC_MSGSEND = YES;
				GCC_C_LANGUAGE_STANDARD = gnu11;
				GCC_NO_COMMON_BLOCKS = YES;
				GCC_WARN_64_TO_32_BIT_CONVERSION = YES;
				GCC_WARN_ABOUT_RETURN_TYPE = YES_ERROR;
				GCC_WARN_UNDECLARED_SELECTOR = YES;
				GCC_WARN_UNINITIALIZED_AUTOS = YES_AGGRESSIVE;
				GCC_WARN_UNUSED_FUNCTION = YES;
				GCC_WARN_UNUSED_VARIABLE = YES;
				IPHONEOS_DEPLOYMENT_TARGET = 12.0;
				MTL_ENABLE_DEBUG_INFO = NO;
				MTL_FAST_MATH = YES;
				SDKROOT = iphoneos;
				SWIFT_COMPILATION_MODE = wholemodule;
				SWIFT_OPTIMIZATION_LEVEL = "-O";
				VALIDATE_PRODUCT = YES;
			};
			name = Release;
		};
		49239713293EF96900CC84FA /* Debug */ = {
			isa = XCBuildConfiguration;
			buildSettings = {
				ASSETCATALOG_COMPILER_APPICON_NAME = AppIcon;
				ASSETCATALOG_COMPILER_GLOBAL_ACCENT_COLOR_NAME = AccentColor;
				CODE_SIGN_STYLE = Automatic;
				CURRENT_PROJECT_VERSION = 1;
				DEVELOPMENT_TEAM = "";
				GENERATE_INFOPLIST_FILE = YES;
				INFOPLIST_FILE = iOSUIKitXib/Info.plist;
				INFOPLIST_KEY_UIApplicationSupportsIndirectInputEvents = YES;
				INFOPLIST_KEY_UILaunchStoryboardName = LaunchScreen.storyboard;
				INFOPLIST_KEY_UISupportedInterfaceOrientations_iPad = "UIInterfaceOrientationPortrait UIInterfaceOrientationPortraitUpsideDown UIInterfaceOrientationLandscapeLeft UIInterfaceOrientationLandscapeRight";
				INFOPLIST_KEY_UISupportedInterfaceOrientations_iPhone = "UIInterfaceOrientationPortrait UIInterfaceOrientationLandscapeLeft UIInterfaceOrientationLandscapeRight";
				LD_RUNPATH_SEARCH_PATHS = (
					"$(inherited)",
					"@executable_path/Frameworks",
				);
				MARKETING_VERSION = 1.0;
				PRODUCT_BUNDLE_IDENTIFIER = com.n76i.iOSUIKitXib;
				PRODUCT_NAME = "$(TARGET_NAME)";
				SWIFT_EMIT_LOC_STRINGS = YES;
				SWIFT_VERSION = 5.0;
				TARGETED_DEVICE_FAMILY = "1,2";
			};
			name = Debug;
		};
		49239714293EF96900CC84FA /* Release */ = {
			isa = XCBuildConfiguration;
			buildSettings = {
				ASSETCATALOG_COMPILER_APPICON_NAME = AppIcon;
				ASSETCATALOG_COMPILER_GLOBAL_ACCENT_COLOR_NAME = AccentColor;
				CODE_SIGN_STYLE = Automatic;
				CURRENT_PROJECT_VERSION = 1;
				DEVELOPMENT_TEAM = "";
				GENERATE_INFOPLIST_FILE = YES;
				INFOPLIST_FILE = iOSUIKitXib/Info.plist;
				INFOPLIST_KEY_UIApplicationSupportsIndirectInputEvents = YES;
				INFOPLIST_KEY_UILaunchStoryboardName = LaunchScreen.storyboard;
				INFOPLIST_KEY_UISupportedInterfaceOrientations_iPad = "UIInterfaceOrientationPortrait UIInterfaceOrientationPortraitUpsideDown UIInterfaceOrientationLandscapeLeft UIInterfaceOrientationLandscapeRight";
				INFOPLIST_KEY_UISupportedInterfaceOrientations_iPhone = "UIInterfaceOrientationPortrait UIInterfaceOrientationLandscapeLeft UIInterfaceOrientationLandscapeRight";
				LD_RUNPATH_SEARCH_PATHS = (
					"$(inherited)",
					"@executable_path/Frameworks",
				);
				MARKETING_VERSION = 1.0;
				PRODUCT_BUNDLE_IDENTIFIER = com.n76i.iOSUIKitXib;
				PRODUCT_NAME = "$(TARGET_NAME)";
				SWIFT_EMIT_LOC_STRINGS = YES;
				SWIFT_VERSION = 5.0;
				TARGETED_DEVICE_FAMILY = "1,2";
			};
			name = Release;
		};
/* End XCBuildConfiguration section */

/* Begin XCConfigurationList section */
		492396F9293EF96800CC84FA /* Build configuration list for PBXProject "iOSUIKitXib" */ = {
			isa = XCConfigurationList;
			buildConfigurations = (
				49239710293EF96900CC84FA /* Debug */,
				49239711293EF96900CC84FA /* Release */,
			);
			defaultConfigurationIsVisible = 0;
			defaultConfigurationName = Release;
		};
		49239712293EF96900CC84FA /* Build configuration list for PBXNativeTarget "iOSUIKitXib" */ = {
			isa = XCConfigurationList;
			buildConfigurations = (
				49239713293EF96900CC84FA /* Debug */,
				49239714293EF96900CC84FA /* Release */,
			);
			defaultConfigurationIsVisible = 0;
			defaultConfigurationName = Release;
		};
/* End XCConfigurationList section */
	};
	rootObject = 492396F6293EF96800CC84FA /* Project object */;
}
