// !$*UTF8*$!
{
	archiveVersion = 1;
	classes = {
	};
	objectVersion = 56;
	objects = {

/* Begin PBXBuildFile section */
		49239702293EF96800CC84FA /* AppDelegate.swift in Sources */ = {isa = PBXBuildFile; fileRef = 49239701293EF96800CC84FA /* AppDelegate.swift */; };
		49239706293EF96800CC84FA /* ViewController.swift in Sources */ = {isa = PBXBuildFile; fileRef = 49239705293EF96800CC84FA /* ViewController.swift */; };
		4923970B293EF96900CC84FA /* Assets.xcassets in Resources */ = {isa = PBXBuildFile; fileRef = 4923970A293EF96900CC84FA /* Assets.xcassets */; };
		4923970E293EF96900CC84FA /* LaunchScreen.storyboard in Resources */ = {isa = PBXBuildFile; fileRef = 4923970C293EF96900CC84FA /* LaunchScreen.storyboard */; };
		49239716293EFAB600CC84FA /* ViewController.xib in Resources */ = {isa = PBXBuildFile; fileRef = 49239715293EFAB600CC84FA /* ViewController.xib */; };
		49239719293EFB0200CC84FA /* AuthViewController.swift in Sources */ = {isa = PBXBuildFile; fileRef = 49239717293EFB0200CC84FA /* AuthViewController.swift */; };
		4923971A293EFB0200CC84FA /* AuthViewController.xib in Resources */ = {isa = PBXBuildFile; fileRef = 49239718293EFB0200CC84FA /* AuthViewController.xib */; };
		649D394529598520005E1E89 /* BuyDiamondsVC.swift in Sources */ = {isa = PBXBuildFile; fileRef = 649D394329598520005E1E89 /* BuyDiamondsVC.swift */; };
		649D394629598520005E1E89 /* BuyDiamondsVC.xib in Resources */ = {isa = PBXBuildFile; fileRef = 649D394429598520005E1E89 /* BuyDiamondsVC.xib */; };
		649D394929599288005E1E89 /* Sarabun in Resources */ = {isa = PBXBuildFile; fileRef = 649D394829599288005E1E89 /* Sarabun */; };
		649D394D29599CE0005E1E89 /* DiamondCell.swift in Sources */ = {isa = PBXBuildFile; fileRef = 649D394B29599CE0005E1E89 /* DiamondCell.swift */; };
		649D394E29599CE0005E1E89 /* DiamondCell.xib in Resources */ = {isa = PBXBuildFile; fileRef = 649D394C29599CE0005E1E89 /* DiamondCell.xib */; };
		64D3A1BC2959A5D8007EC7E3 /* DiamondModel.swift in Sources */ = {isa = PBXBuildFile; fileRef = 64D3A1BB2959A5D8007EC7E3 /* DiamondModel.swift */; };
		64D3A1BF2959A8BA007EC7E3 /* IntExt.swift in Sources */ = {isa = PBXBuildFile; fileRef = 64D3A1BE2959A8BA007EC7E3 /* IntExt.swift */; };
		64D3A1C5295C209A007EC7E3 /* StringExt.swift in Sources */ = {isa = PBXBuildFile; fileRef = 64D3A1C4295C209A007EC7E3 /* StringExt.swift */; };
		64D3A1C7295C2E25007EC7E3 /* UIViewExt.swift in Sources */ = {isa = PBXBuildFile; fileRef = 64D3A1C6295C2E25007EC7E3 /* UIViewExt.swift */; };
		64EF85FD295C4154000F4EBB /* UIButton.swift in Sources */ = {isa = PBXBuildFile; fileRef = 64EF85FC295C4154000F4EBB /* UIButton.swift */; };
/* End PBXBuildFile section */

/* Begin PBXFileReference section */
		492396FE293EF96800CC84FA /* iOSUIKitXib.app */ = {isa = PBXFileReference; explicitFileType = wrapper.application; includeInIndex = 0; path = iOSUIKitXib.app; sourceTree = BUILT_PRODUCTS_DIR; };
		49239701293EF96800CC84FA /* AppDelegate.swift */ = {isa = PBXFileReference; lastKnownFileType = sourcecode.swift; path = AppDelegate.swift; sourceTree = "<group>"; };
		49239705293EF96800CC84FA /* ViewController.swift */ = {isa = PBXFileReference; lastKnownFileType = sourcecode.swift; path = ViewController.swift; sourceTree = "<group>"; };
		4923970A293EF96900CC84FA /* Assets.xcassets */ = {isa = PBXFileReference; lastKnownFileType = folder.assetcatalog; path = Assets.xcassets; sourceTree = "<group>"; };
		4923970D293EF96900CC84FA /* Base */ = {isa = PBXFileReference; lastKnownFileType = file.storyboard; name = Base; path = Base.lproj/LaunchScreen.storyboard; sourceTree = "<group>"; };
		4923970F293EF96900CC84FA /* Info.plist */ = {isa = PBXFileReference; lastKnownFileType = text.plist.xml; path = Info.plist; sourceTree = "<group>"; };
		49239715293EFAB600CC84FA /* ViewController.xib */ = {isa = PBXFileReference; lastKnownFileType = file.xib; path = ViewController.xib; sourceTree = "<group>"; };
		49239717293EFB0200CC84FA /* AuthViewController.swift */ = {isa = PBXFileReference; lastKnownFileType = sourcecode.swift; path = AuthViewController.swift; sourceTree = "<group>"; };
		49239718293EFB0200CC84FA /* AuthViewController.xib */ = {isa = PBXFileReference; lastKnownFileType = file.xib; path = AuthViewController.xib; sourceTree = "<group>"; };
		649D394329598520005E1E89 /* BuyDiamondsVC.swift */ = {isa = PBXFileReference; lastKnownFileType = sourcecode.swift; path = BuyDiamondsVC.swift; sourceTree = "<group>"; };
		649D394429598520005E1E89 /* BuyDiamondsVC.xib */ = {isa = PBXFileReference; lastKnownFileType = file.xib; path = BuyDiamondsVC.xib; sourceTree = "<group>"; };
		649D394829599288005E1E89 /* Sarabun */ = {isa = PBXFileReference; lastKnownFileType = folder; path = Sarabun; sourceTree = "<group>"; };
		649D394B29599CE0005E1E89 /* DiamondCell.swift */ = {isa = PBXFileReference; lastKnownFileType = sourcecode.swift; path = DiamondCell.swift; sourceTree = "<group>"; };
		649D394C29599CE0005E1E89 /* DiamondCell.xib */ = {isa = PBXFileReference; lastKnownFileType = file.xib; path = DiamondCell.xib; sourceTree = "<group>"; };
		64D3A1BB2959A5D8007EC7E3 /* DiamondModel.swift */ = {isa = PBXFileReference; lastKnownFileType = sourcecode.swift; path = DiamondModel.swift; sourceTree = "<group>"; };
		64D3A1BE2959A8BA007EC7E3 /* IntExt.swift */ = {isa = PBXFileReference; lastKnownFileType = sourcecode.swift; path = IntExt.swift; sourceTree = "<group>"; };
		64D3A1C4295C209A007EC7E3 /* StringExt.swift */ = {isa = PBXFileReference; lastKnownFileType = sourcecode.swift; path = StringExt.swift; sourceTree = "<group>"; };
		64D3A1C6295C2E25007EC7E3 /* UIViewExt.swift */ = {isa = PBXFileReference; lastKnownFileType = sourcecode.swift; path = UIViewExt.swift; sourceTree = "<group>"; };
		64EF85FC295C4154000F4EBB /* UIButton.swift */ = {isa = PBXFileReference; lastKnownFileType = sourcecode.swift; path = UIButton.swift; sourceTree = "<group>"; };
/* End PBXFileReference section */

/* Begin PBXFrameworksBuildPhase section */
		492396FB293EF96800CC84FA /* Frameworks */ = {
			isa = PBXFrameworksBuildPhase;
			buildActionMask = 2147483647;
			files = (
			);
			runOnlyForDeploymentPostprocessing = 0;
		};
/* End PBXFrameworksBuildPhase section */

/* Begin PBXGroup section */
		492396F5293EF96800CC84FA = {
			isa = PBXGroup;
			children = (
				49239700293EF96800CC84FA /* iOSUIKitXib */,
				492396FF293EF96800CC84FA /* Products */,
			);
			sourceTree = "<group>";
		};
		492396FF293EF96800CC84FA /* Products */ = {
			isa = PBXGroup;
			children = (
				492396FE293EF96800CC84FA /* iOSUIKitXib.app */,
			);
			name = Products;
			sourceTree = "<group>";
		};
		49239700293EF96800CC84FA /* iOSUIKitXib */ = {
			isa = PBXGroup;
			children = (
				649D39422959849D005E1E89 /* BuyDiamonds */,
				49239701293EF96800CC84FA /* AppDelegate.swift */,
				49239705293EF96800CC84FA /* ViewController.swift */,
				49239715293EFAB600CC84FA /* ViewController.xib */,
				49239717293EFB0200CC84FA /* AuthViewController.swift */,
				49239718293EFB0200CC84FA /* AuthViewController.xib */,
				4923970A293EF96900CC84FA /* Assets.xcassets */,
				4923970C293EF96900CC84FA /* LaunchScreen.storyboard */,
				4923970F293EF96900CC84FA /* Info.plist */,
			);
			path = iOSUIKitXib;
			sourceTree = "<group>";
		};
		649D39422959849D005E1E89 /* BuyDiamonds */ = {
			isa = PBXGroup;
			children = (
				64D3A1BD2959A8A5007EC7E3 /* Extension */,
				649D394A29599C92005E1E89 /* Cell */,
				649D394729599206005E1E89 /* Font */,
				649D394329598520005E1E89 /* BuyDiamondsVC.swift */,
				649D394429598520005E1E89 /* BuyDiamondsVC.xib */,
			);
			path = BuyDiamonds;
			sourceTree = "<group>";
		};
		649D394729599206005E1E89 /* Font */ = {
			isa = PBXGroup;
			children = (
				649D394829599288005E1E89 /* Sarabun */,
			);
			path = Font;
			sourceTree = "<group>";
		};
		649D394A29599C92005E1E89 /* Cell */ = {
			isa = PBXGroup;
			children = (
				649D394B29599CE0005E1E89 /* DiamondCell.swift */,
				649D394C29599CE0005E1E89 /* DiamondCell.xib */,
				64D3A1BB2959A5D8007EC7E3 /* DiamondModel.swift */,
			);
			path = Cell;
			sourceTree = "<group>";
		};
		64D3A1BD2959A8A5007EC7E3 /* Extension */ = {
			isa = PBXGroup;
			children = (
				64D3A1BE2959A8BA007EC7E3 /* IntExt.swift */,
				64D3A1C4295C209A007EC7E3 /* StringExt.swift */,
				64D3A1C6295C2E25007EC7E3 /* UIViewExt.swift */,
				64EF85FC295C4154000F4EBB /* UIButton.swift */,
			);
			path = Extension;
			sourceTree = "<group>";
		};
/* End PBXGroup section */

/* Begin PBXNativeTarget section */
		492396FD293EF96800CC84FA /* iOSUIKitXib */ = {
			isa = PBXNativeTarget;
			buildConfigurationList = 49239712293EF96900CC84FA /* Build configuration list for PBXNativeTarget "iOSUIKitXib" */;
			buildPhases = (
				492396FA293EF96800CC84FA /* Sources */,
				492396FB293EF96800CC84FA /* Frameworks */,
				492396FC293EF96800CC84FA /* Resources */,
			);
			buildRules = (
			);
			dependencies = (
			);
			name = iOSUIKitXib;
			productName = iOSUIKitXib;
			productReference = 492396FE293EF96800CC84FA /* iOSUIKitXib.app */;
			productType = "com.apple.product-type.application";
		};
/* End PBXNativeTarget section */

/* Begin PBXProject section */
		492396F6293EF96800CC84FA /* Project object */ = {
			isa = PBXProject;
			attributes = {
				BuildIndependentTargetsInParallel = 1;
				LastSwiftUpdateCheck = 1410;
				LastUpgradeCheck = 1410;
				TargetAttributes = {
					492396FD293EF96800CC84FA = {
						CreatedOnToolsVersion = 14.1;
					};
				};
			};
			buildConfigurationList = 492396F9293EF96800CC84FA /* Build configuration list for PBXProject "iOSUIKitXib" */;
			compatibilityVersion = "Xcode 14.0";
			developmentRegion = en;
			hasScannedForEncodings = 0;
			knownRegions = (
				en,
				Base,
			);
			mainGroup = 492396F5293EF96800CC84FA;
			productRefGroup = 492396FF293EF96800CC84FA /* Products */;
			projectDirPath = "";
			projectRoot = "";
			targets = (
				492396FD293EF96800CC84FA /* iOSUIKitXib */,
			);
		};
/* End PBXProject section */

/* Begin PBXResourcesBuildPhase section */
		492396FC293EF96800CC84FA /* Resources */ = {
			isa = PBXResourcesBuildPhase;
			buildActionMask = 2147483647;
			files = (
				4923971A293EFB0200CC84FA /* AuthViewController.xib in Resources */,
				649D394629598520005E1E89 /* BuyDiamondsVC.xib in Resources */,
				4923970E293EF96900CC84FA /* LaunchScreen.storyboard in Resources */,
				649D394E29599CE0005E1E89 /* DiamondCell.xib in Resources */,
				649D394929599288005E1E89 /* Sarabun in Resources */,
				49239716293EFAB600CC84FA /* ViewController.xib in Resources */,
				4923970B293EF96900CC84FA /* Assets.xcassets in Resources */,
			);
			runOnlyForDeploymentPostprocessing = 0;
		};
/* End PBXResourcesBuildPhase section */

/* Begin PBXSourcesBuildPhase section */
		492396FA293EF96800CC84FA /* Sources */ = {
			isa = PBXSourcesBuildPhase;
			buildActionMask = 2147483647;
			files = (
				64D3A1C7295C2E25007EC7E3 /* UIViewExt.swift in Sources */,
				49239706293EF96800CC84FA /* ViewController.swift in Sources */,
				49239719293EFB0200CC84FA /* AuthViewController.swift in Sources */,
				649D394D29599CE0005E1E89 /* DiamondCell.swift in Sources */,
				64D3A1C5295C209A007EC7E3 /* StringExt.swift in Sources */,
				64EF85FD295C4154000F4EBB /* UIButton.swift in Sources */,
				64D3A1BF2959A8BA007EC7E3 /* IntExt.swift in Sources */,
				649D394529598520005E1E89 /* BuyDiamondsVC.swift in Sources */,
				64D3A1BC2959A5D8007EC7E3 /* DiamondModel.swift in Sources */,
				49239702293EF96800CC84FA /* AppDelegate.swift in Sources */,
			);
			runOnlyForDeploymentPostprocessing = 0;
		};
/* End PBXSourcesBuildPhase section */

/* Begin PBXVariantGroup section */
		4923970C293EF96900CC84FA /* LaunchScreen.storyboard */ = {
			isa = PBXVariantGroup;
			children = (
				4923970D293EF96900CC84FA /* Base */,
			);
			name = LaunchScreen.storyboard;
			sourceTree = "<group>";
		};
/* End PBXVariantGroup section */

/* Begin XCBuildConfiguration section */
		49239710293EF96900CC84FA /* Debug */ = {
			isa = XCBuildConfiguration;
			buildSettings = {
				ALWAYS_SEARCH_USER_PATHS = NO;
				CLANG_ANALYZER_NONNULL = YES;
				CLANG_ANALYZER_NUMBER_OBJECT_CONVERSION = YES_AGGRESSIVE;
				CLANG_CXX_LANGUAGE_STANDARD = "gnu++20";
				CLANG_ENABLE_MODULES = YES;
				CLANG_ENABLE_OBJC_ARC = YES;
				CLANG_ENABLE_OBJC_WEAK = YES;
				CLANG_WARN_BLOCK_CAPTURE_AUTORELEASING = YES;
				CLANG_WARN_BOOL_CONVERSION = YES;
				CLANG_WARN_COMMA = YES;
				CLANG_WARN_CONSTANT_CONVERSION = YES;
				CLANG_WARN_DEPRECATED_OBJC_IMPLEMENTATIONS = YES;
				CLANG_WARN_DIRECT_OBJC_ISA_USAGE = YES_ERROR;
				CLANG_WARN_DOCUMENTATION_COMMENTS = YES;
				CLANG_WARN_EMPTY_BODY = YES;
				CLANG_WARN_ENUM_CONVERSION = YES;
				CLANG_WARN_INFINITE_RECURSION = YES;
				CLANG_WARN_INT_CONVERSION = YES;
				CLANG_WARN_NON_LITERAL_NULL_CONVERSION = YES;
				CLANG_WARN_OBJC_IMPLICIT_RETAIN_SELF = YES;
				CLANG_WARN_OBJC_LITERAL_CONVERSION = YES;
				CLANG_WARN_OBJC_ROOT_CLASS = YES_ERROR;
				CLANG_WARN_QUOTED_INCLUDE_IN_FRAMEWORK_HEADER = YES;
				CLANG_WARN_RANGE_LOOP_ANALYSIS = YES;
				CLANG_WARN_STRICT_PROTOTYPES = YES;
				CLANG_WARN_SUSPICIOUS_MOVE = YES;
				CLANG_WARN_UNGUARDED_AVAILABILITY = YES_AGGRESSIVE;
				CLANG_WARN_UNREACHABLE_CODE = YES;
				CLANG_WARN__DUPLICATE_METHOD_MATCH = YES;
				COPY_PHASE_STRIP = NO;
				DEBUG_INFORMATION_FORMAT = dwarf;
				ENABLE_STRICT_OBJC_MSGSEND = YES;
				ENABLE_TESTABILITY = YES;
				GCC_C_LANGUAGE_STANDARD = gnu11;
				GCC_DYNAMIC_NO_PIC = NO;
				GCC_NO_COMMON_BLOCKS = YES;
				GCC_OPTIMIZATION_LEVEL = 0;
				GCC_PREPROCESSOR_DEFINITIONS = (
					"DEBUG=1",
					"$(inherited)",
				);
				GCC_WARN_64_TO_32_BIT_CONVERSION = YES;
				GCC_WARN_ABOUT_RETURN_TYPE = YES_ERROR;
				GCC_WARN_UNDECLARED_SELECTOR = YES;
				GCC_WARN_UNINITIALIZED_AUTOS = YES_AGGRESSIVE;
				GCC_WARN_UNUSED_FUNCTION = YES;
				GCC_WARN_UNUSED_VARIABLE = YES;
				IPHONEOS_DEPLOYMENT_TARGET = 12.0;
				MTL_ENABLE_DEBUG_INFO = INCLUDE_SOURCE;
				MTL_FAST_MATH = YES;
				ONLY_ACTIVE_ARCH = YES;
				SDKROOT = iphoneos;
				SWIFT_ACTIVE_COMPILATION_CONDITIONS = DEBUG;
				SWIFT_OPTIMIZATION_LEVEL = "-Onone";
			};
			name = Debug;
		};
		49239711293EF96900CC84FA /* Release */ = {
			isa = XCBuildConfiguration;
			buildSettings = {
				ALWAYS_SEARCH_USER_PATHS = NO;
				CLANG_ANALYZER_NONNULL = YES;
				CLANG_ANALYZER_NUMBER_OBJECT_CONVERSION = YES_AGGRESSIVE;
				CLANG_CXX_LANGUAGE_STANDARD = "gnu++20";
				CLANG_ENABLE_MODULES = YES;
				CLANG_ENABLE_OBJC_ARC = YES;
				CLANG_ENABLE_OBJC_WEAK = YES;
				CLANG_WARN_BLOCK_CAPTURE_AUTORELEASING = YES;
				CLANG_WARN_BOOL_CONVERSION = YES;
				CLANG_WARN_COMMA = YES;
				CLANG_WARN_CONSTANT_CONVERSION = YES;
				CLANG_WARN_DEPRECATED_OBJC_IMPLEMENTATIONS = YES;
				CLANG_WARN_DIRECT_OBJC_ISA_USAGE = YES_ERROR;
				CLANG_WARN_DOCUMENTATION_COMMENTS = YES;
				CLANG_WARN_EMPTY_BODY = YES;
				CLANG_WARN_ENUM_CONVERSION = YES;
				CLANG_WARN_INFINITE_RECURSION = YES;
				CLANG_WARN_INT_CONVERSION = YES;
				CLANG_WARN_NON_LITERAL_NULL_CONVERSION = YES;
				CLANG_WARN_OBJC_IMPLICIT_RETAIN_SELF = YES;
				CLANG_WARN_OBJC_LITERAL_CONVERSION = YES;
				CLANG_WARN_OBJC_ROOT_CLASS = YES_ERROR;
				CLANG_WARN_QUOTED_INCLUDE_IN_FRAMEWORK_HEADER = YES;
				CLANG_WARN_RANGE_LOOP_ANALYSIS = YES;
				CLANG_WARN_STRICT_PROTOTYPES = YES;
				CLANG_WARN_SUSPICIOUS_MOVE = YES;
				CLANG_WARN_UNGUARDED_AVAILABILITY = YES_AGGRESSIVE;
				CLANG_WARN_UNREACHABLE_CODE = YES;
				CLANG_WARN__DUPLICATE_METHOD_MATCH = YES;
				COPY_PHASE_STRIP = NO;
				DEBUG_INFORMATION_FORMAT = "dwarf-with-dsym";
				ENABLE_NS_ASSERTIONS = NO;
				ENABLE_STRICT_OBJC_MSGSEND = YES;
				GCC_C_LANGUAGE_STANDARD = gnu11;
				GCC_NO_COMMON_BLOCKS = YES;
				GCC_WARN_64_TO_32_BIT_CONVERSION = YES;
				GCC_WARN_ABOUT_RETURN_TYPE = YES_ERROR;
				GCC_WARN_UNDECLARED_SELECTOR = YES;
				GCC_WARN_UNINITIALIZED_AUTOS = YES_AGGRESSIVE;
				GCC_WARN_UNUSED_FUNCTION = YES;
				GCC_WARN_UNUSED_VARIABLE = YES;
				IPHONEOS_DEPLOYMENT_TARGET = 12.0;
				MTL_ENABLE_DEBUG_INFO = NO;
				MTL_FAST_MATH = YES;
				SDKROOT = iphoneos;
				SWIFT_COMPILATION_MODE = wholemodule;
				SWIFT_OPTIMIZATION_LEVEL = "-O";
				VALIDATE_PRODUCT = YES;
			};
			name = Release;
		};
		49239713293EF96900CC84FA /* Debug */ = {
			isa = XCBuildConfiguration;
			buildSettings = {
				ASSETCATALOG_COMPILER_APPICON_NAME = AppIcon;
				ASSETCATALOG_COMPILER_GLOBAL_ACCENT_COLOR_NAME = AccentColor;
				CODE_SIGN_STYLE = Automatic;
				CURRENT_PROJECT_VERSION = 1;
				DEVELOPMENT_TEAM = "";
				GENERATE_INFOPLIST_FILE = YES;
				INFOPLIST_FILE = iOSUIKitXib/Info.plist;
				INFOPLIST_KEY_UIApplicationSupportsIndirectInputEvents = YES;
				INFOPLIST_KEY_UILaunchStoryboardName = LaunchScreen.storyboard;
				INFOPLIST_KEY_UISupportedInterfaceOrientations_iPad = "UIInterfaceOrientationPortrait UIInterfaceOrientationPortraitUpsideDown UIInterfaceOrientationLandscapeLeft UIInterfaceOrientationLandscapeRight";
				INFOPLIST_KEY_UISupportedInterfaceOrientations_iPhone = "UIInterfaceOrientationPortrait UIInterfaceOrientationLandscapeLeft UIInterfaceOrientationLandscapeRight";
				LD_RUNPATH_SEARCH_PATHS = (
					"$(inherited)",
					"@executable_path/Frameworks",
				);
				MARKETING_VERSION = 1.0;
				PRODUCT_BUNDLE_IDENTIFIER = com.n76i.iOSUIKitXib;
				PRODUCT_NAME = "$(TARGET_NAME)";
				SWIFT_EMIT_LOC_STRINGS = YES;
				SWIFT_VERSION = 5.0;
				TARGETED_DEVICE_FAMILY = "1,2";
			};
			name = Debug;
		};
		49239714293EF96900CC84FA /* Release */ = {
			isa = XCBuildConfiguration;
			buildSettings = {
				ASSETCATALOG_COMPILER_APPICON_NAME = AppIcon;
				ASSETCATALOG_COMPILER_GLOBAL_ACCENT_COLOR_NAME = AccentColor;
				CODE_SIGN_STYLE = Automatic;
				CURRENT_PROJECT_VERSION = 1;
				DEVELOPMENT_TEAM = "";
				GENERATE_INFOPLIST_FILE = YES;
				INFOPLIST_FILE = iOSUIKitXib/Info.plist;
				INFOPLIST_KEY_UIApplicationSupportsIndirectInputEvents = YES;
				INFOPLIST_KEY_UILaunchStoryboardName = LaunchScreen.storyboard;
				INFOPLIST_KEY_UISupportedInterfaceOrientations_iPad = "UIInterfaceOrientationPortrait UIInterfaceOrientationPortraitUpsideDown UIInterfaceOrientationLandscapeLeft UIInterfaceOrientationLandscapeRight";
				INFOPLIST_KEY_UISupportedInterfaceOrientations_iPhone = "UIInterfaceOrientationPortrait UIInterfaceOrientationLandscapeLeft UIInterfaceOrientationLandscapeRight";
				LD_RUNPATH_SEARCH_PATHS = (
					"$(inherited)",
					"@executable_path/Frameworks",
				);
				MARKETING_VERSION = 1.0;
				PRODUCT_BUNDLE_IDENTIFIER = com.n76i.iOSUIKitXib;
				PRODUCT_NAME = "$(TARGET_NAME)";
				SWIFT_EMIT_LOC_STRINGS = YES;
				SWIFT_VERSION = 5.0;
				TARGETED_DEVICE_FAMILY = "1,2";
			};
			name = Release;
		};
/* End XCBuildConfiguration section */

/* Begin XCConfigurationList section */
		492396F9293EF96800CC84FA /* Build configuration list for PBXProject "iOSUIKitXib" */ = {
			isa = XCConfigurationList;
			buildConfigurations = (
				49239710293EF96900CC84FA /* Debug */,
				49239711293EF96900CC84FA /* Release */,
			);
			defaultConfigurationIsVisible = 0;
			defaultConfigurationName = Release;
		};
		49239712293EF96900CC84FA /* Build configuration list for PBXNativeTarget "iOSUIKitXib" */ = {
			isa = XCConfigurationList;
			buildConfigurations = (
				49239713293EF96900CC84FA /* Debug */,
				49239714293EF96900CC84FA /* Release */,
			);
			defaultConfigurationIsVisible = 0;
			defaultConfigurationName = Release;
		};
/* End XCConfigurationList section */
	};
	rootObject = 492396F6293EF96800CC84FA /* Project object */;
}
