// !$*UTF8*$!
{
	archiveVersion = 1;
	classes = {
	};
	objectVersion = 54;
	objects = {

/* Begin PBXBuildFile section */
		49239702293EF96800CC84FA /* AppDelegate.swift in Sources */ = {isa = PBXBuildFile; fileRef = 49239701293EF96800CC84FA /* AppDelegate.swift */; };
		49239706293EF96800CC84FA /* ViewController.swift in Sources */ = {isa = PBXBuildFile; fileRef = 49239705293EF96800CC84FA /* ViewController.swift */; };
		4923970B293EF96900CC84FA /* Assets.xcassets in Resources */ = {isa = PBXBuildFile; fileRef = 4923970A293EF96900CC84FA /* Assets.xcassets */; };
		4923970E293EF96900CC84FA /* LaunchScreen.storyboard in Resources */ = {isa = PBXBuildFile; fileRef = 4923970C293EF96900CC84FA /* LaunchScreen.storyboard */; };
		49239716293EFAB600CC84FA /* ViewController.xib in Resources */ = {isa = PBXBuildFile; fileRef = 49239715293EFAB600CC84FA /* ViewController.xib */; };
		563FC30229948C77009254DE /* ProfileViewController.swift in Sources */ = {isa = PBXBuildFile; fileRef = 563FC30029948C77009254DE /* ProfileViewController.swift */; };
		563FC30329948C77009254DE /* ProfileViewController.xib in Resources */ = {isa = PBXBuildFile; fileRef = 563FC30129948C77009254DE /* ProfileViewController.xib */; };
		563FC3052994965C009254DE /* HeaderView.xib in Resources */ = {isa = PBXBuildFile; fileRef = 563FC3042994965C009254DE /* HeaderView.xib */; };
		563FC3072994CB4E009254DE /* HeaderView.swift in Sources */ = {isa = PBXBuildFile; fileRef = 563FC3062994CB4E009254DE /* HeaderView.swift */; };
		563FC30B2994CEF1009254DE /* ListSettingTableViewCell.swift in Sources */ = {isa = PBXBuildFile; fileRef = 563FC3092994CEF1009254DE /* ListSettingTableViewCell.swift */; };
		563FC30C2994CEF1009254DE /* ListSettingTableViewCell.xib in Resources */ = {isa = PBXBuildFile; fileRef = 563FC30A2994CEF1009254DE /* ListSettingTableViewCell.xib */; };
		564907942966703C00CD768C /* TestViewController.swift in Sources */ = {isa = PBXBuildFile; fileRef = 564907922966703C00CD768C /* TestViewController.swift */; };
		564907952966703C00CD768C /* TestViewController.xib in Resources */ = {isa = PBXBuildFile; fileRef = 564907932966703C00CD768C /* TestViewController.xib */; };
		564907982966A30600CD768C /* SecondViewController.swift in Sources */ = {isa = PBXBuildFile; fileRef = 564907962966A30600CD768C /* SecondViewController.swift */; };
		564907992966A30600CD768C /* SecondViewController.xib in Resources */ = {isa = PBXBuildFile; fileRef = 564907972966A30600CD768C /* SecondViewController.xib */; };
		5649079C2966D57900CD768C /* StackViewViewController.swift in Sources */ = {isa = PBXBuildFile; fileRef = 5649079A2966D57900CD768C /* StackViewViewController.swift */; };
		5649079D2966D57900CD768C /* StackViewViewController.xib in Resources */ = {isa = PBXBuildFile; fileRef = 5649079B2966D57900CD768C /* StackViewViewController.xib */; };
		564907A02967C71A00CD768C /* PresentViewController.swift in Sources */ = {isa = PBXBuildFile; fileRef = 5649079E2967C71A00CD768C /* PresentViewController.swift */; };
		564907A12967C71A00CD768C /* PresentViewController.xib in Resources */ = {isa = PBXBuildFile; fileRef = 5649079F2967C71A00CD768C /* PresentViewController.xib */; };
		564907A4296BF17100CD768C /* TableViewController.swift in Sources */ = {isa = PBXBuildFile; fileRef = 564907A2296BF17100CD768C /* TableViewController.swift */; };
		564907A5296BF17100CD768C /* TableViewController.xib in Resources */ = {isa = PBXBuildFile; fileRef = 564907A3296BF17100CD768C /* TableViewController.xib */; };
		564907A8296BF4DE00CD768C /* TestTableViewCell.swift in Sources */ = {isa = PBXBuildFile; fileRef = 564907A6296BF4DE00CD768C /* TestTableViewCell.swift */; };
		564907A9296BF4DE00CD768C /* TestTableViewCell.xib in Resources */ = {isa = PBXBuildFile; fileRef = 564907A7296BF4DE00CD768C /* TestTableViewCell.xib */; };
		5691439B2974538A001E1E5E /* UIViewSelec.swift in Sources */ = {isa = PBXBuildFile; fileRef = 5691439A2974538A001E1E5E /* UIViewSelec.swift */; };
		5691439E29753E01001E1E5E /* WalletDiamondsViewController.swift in Sources */ = {isa = PBXBuildFile; fileRef = 5691439C29753E01001E1E5E /* WalletDiamondsViewController.swift */; };
		5691439F29753E01001E1E5E /* WalletDiamondsViewController.xib in Resources */ = {isa = PBXBuildFile; fileRef = 5691439D29753E01001E1E5E /* WalletDiamondsViewController.xib */; };
		569143A329754CF1001E1E5E /* buyDiamondCollectionViewCell.swift in Sources */ = {isa = PBXBuildFile; fileRef = 569143A129754CF1001E1E5E /* buyDiamondCollectionViewCell.swift */; };
		569143A429754CF1001E1E5E /* buyDiamondCollectionViewCell.xib in Resources */ = {isa = PBXBuildFile; fileRef = 569143A229754CF1001E1E5E /* buyDiamondCollectionViewCell.xib */; };
		569B720A2995E0FE00104EE5 /* OptionTableViewCell.swift in Sources */ = {isa = PBXBuildFile; fileRef = 569B72082995E0FE00104EE5 /* OptionTableViewCell.swift */; };
		569B720B2995E0FE00104EE5 /* OptionTableViewCell.xib in Resources */ = {isa = PBXBuildFile; fileRef = 569B72092995E0FE00104EE5 /* OptionTableViewCell.xib */; };
		569B720E2995E1AC00104EE5 /* LiveCenterViewController.swift in Sources */ = {isa = PBXBuildFile; fileRef = 569B720C2995E1AC00104EE5 /* LiveCenterViewController.swift */; };
		569B720F2995E1AC00104EE5 /* LiveCenterViewController.xib in Resources */ = {isa = PBXBuildFile; fileRef = 569B720D2995E1AC00104EE5 /* LiveCenterViewController.xib */; };
		569B72122995E39300104EE5 /* HeaderViewLive.xib in Resources */ = {isa = PBXBuildFile; fileRef = 569B72112995E39300104EE5 /* HeaderViewLive.xib */; };
		569B72142995E51300104EE5 /* HeaderViewLive.swift in Sources */ = {isa = PBXBuildFile; fileRef = 569B72132995E51300104EE5 /* HeaderViewLive.swift */; };
		569B721829961D6B00104EE5 /* VideoPlaybackViewController.swift in Sources */ = {isa = PBXBuildFile; fileRef = 569B721629961D6B00104EE5 /* VideoPlaybackViewController.swift */; };
		569B721929961D6B00104EE5 /* VideoPlaybackViewController.xib in Resources */ = {isa = PBXBuildFile; fileRef = 569B721729961D6B00104EE5 /* VideoPlaybackViewController.xib */; };
		569B721C2996261800104EE5 /* ListVideoTableViewCell.swift in Sources */ = {isa = PBXBuildFile; fileRef = 569B721A2996261800104EE5 /* ListVideoTableViewCell.swift */; };
		569B721D2996261800104EE5 /* ListVideoTableViewCell.xib in Resources */ = {isa = PBXBuildFile; fileRef = 569B721B2996261800104EE5 /* ListVideoTableViewCell.xib */; };
		569B722129962B1000104EE5 /* ListPostedVideoTableViewCell.swift in Sources */ = {isa = PBXBuildFile; fileRef = 569B721F29962B1000104EE5 /* ListPostedVideoTableViewCell.swift */; };
		569B722229962B1000104EE5 /* ListPostedVideoTableViewCell.xib in Resources */ = {isa = PBXBuildFile; fileRef = 569B722029962B1000104EE5 /* ListPostedVideoTableViewCell.xib */; };
		569B722429964DFF00104EE5 /* BaseTableViewCell.swift in Sources */ = {isa = PBXBuildFile; fileRef = 569B722329964DFF00104EE5 /* BaseTableViewCell.swift */; };
		569B72682999D82500104EE5 /* EditVideoViewController.swift in Sources */ = {isa = PBXBuildFile; fileRef = 569B72662999D82500104EE5 /* EditVideoViewController.swift */; };
		569B72692999D82500104EE5 /* EditVideoViewController.xib in Resources */ = {isa = PBXBuildFile; fileRef = 569B72672999D82500104EE5 /* EditVideoViewController.xib */; };
		569B7270299B226C00104EE5 /* Cell.swift in Sources */ = {isa = PBXBuildFile; fileRef = 569B726E299B226C00104EE5 /* Cell.swift */; };
		569B7271299B226C00104EE5 /* Cell.xib in Resources */ = {isa = PBXBuildFile; fileRef = 569B726F299B226C00104EE5 /* Cell.xib */; };
		569B7275299B303E00104EE5 /* GiveAGiftViewController.swift in Sources */ = {isa = PBXBuildFile; fileRef = 569B7273299B303E00104EE5 /* GiveAGiftViewController.swift */; };
		569B7276299B303E00104EE5 /* GiveAGiftViewController.xib in Resources */ = {isa = PBXBuildFile; fileRef = 569B7274299B303E00104EE5 /* GiveAGiftViewController.xib */; };
		569B7278299B63D700104EE5 /* BoxView.xib in Resources */ = {isa = PBXBuildFile; fileRef = 569B7277299B63D700104EE5 /* BoxView.xib */; };
		569B727A299B6D1600104EE5 /* BoxView.swift in Sources */ = {isa = PBXBuildFile; fileRef = 569B7279299B6D1600104EE5 /* BoxView.swift */; };
		569DA5C9296D59FB001003A1 /* CollectionViewController.swift in Sources */ = {isa = PBXBuildFile; fileRef = 569DA5C7296D59FB001003A1 /* CollectionViewController.swift */; };
		569DA5CA296D59FB001003A1 /* CollectionViewController.xib in Resources */ = {isa = PBXBuildFile; fileRef = 569DA5C8296D59FB001003A1 /* CollectionViewController.xib */; };
		569DA5CD296D5A44001003A1 /* TestCollectionViewCell.swift in Sources */ = {isa = PBXBuildFile; fileRef = 569DA5CB296D5A44001003A1 /* TestCollectionViewCell.swift */; };
		569DA5CE296D5A44001003A1 /* TestCollectionViewCell.xib in Resources */ = {isa = PBXBuildFile; fileRef = 569DA5CC296D5A44001003A1 /* TestCollectionViewCell.xib */; };
		569DA5D2296D6B71001003A1 /* CustomCollecVsTableViewController.swift in Sources */ = {isa = PBXBuildFile; fileRef = 569DA5D0296D6B71001003A1 /* CustomCollecVsTableViewController.swift */; };
		569DA5D3296D6B71001003A1 /* CustomCollecVsTableViewController.xib in Resources */ = {isa = PBXBuildFile; fileRef = 569DA5D1296D6B71001003A1 /* CustomCollecVsTableViewController.xib */; };
		569DA5D8296D6C8F001003A1 /* CollectionTableViewCell.swift in Sources */ = {isa = PBXBuildFile; fileRef = 569DA5D6296D6C8F001003A1 /* CollectionTableViewCell.swift */; };
		569DA5D9296D6C8F001003A1 /* CollectionTableViewCell.xib in Resources */ = {isa = PBXBuildFile; fileRef = 569DA5D7296D6C8F001003A1 /* CollectionTableViewCell.xib */; };
		569DA5DC296D6CB9001003A1 /* MyCollectionViewCell.swift in Sources */ = {isa = PBXBuildFile; fileRef = 569DA5DA296D6CB9001003A1 /* MyCollectionViewCell.swift */; };
		569DA5DD296D6CB9001003A1 /* MyCollectionViewCell.xib in Resources */ = {isa = PBXBuildFile; fileRef = 569DA5DB296D6CB9001003A1 /* MyCollectionViewCell.xib */; };
		569DA5DF296E5232001003A1 /* Model.swift in Sources */ = {isa = PBXBuildFile; fileRef = 569DA5DE296E5232001003A1 /* Model.swift */; };
		569DA5E9296FE086001003A1 /* CustomView.xib in Resources */ = {isa = PBXBuildFile; fileRef = 569DA5E8296FE086001003A1 /* CustomView.xib */; };
		569DA5EB296FE0EC001003A1 /* CustomView.swift in Sources */ = {isa = PBXBuildFile; fileRef = 569DA5EA296FE0EC001003A1 /* CustomView.swift */; };
		56AAD5B729A31A0B00B2832B /* ChartsViewController.swift in Sources */ = {isa = PBXBuildFile; fileRef = 56AAD5B529A31A0B00B2832B /* ChartsViewController.swift */; };
		56AAD5B829A31A0B00B2832B /* ChartsViewController.xib in Resources */ = {isa = PBXBuildFile; fileRef = 56AAD5B629A31A0B00B2832B /* ChartsViewController.xib */; };
		56AAD5BC29A36E0600B2832B /* TopDedicationTableViewCell.swift in Sources */ = {isa = PBXBuildFile; fileRef = 56AAD5BA29A36E0600B2832B /* TopDedicationTableViewCell.swift */; };
		56AAD5BD29A36E0600B2832B /* TopDedicationTableViewCell.xib in Resources */ = {isa = PBXBuildFile; fileRef = 56AAD5BB29A36E0600B2832B /* TopDedicationTableViewCell.xib */; };
		56AAD5C029A3749C00B2832B /* Modelssss.swift in Sources */ = {isa = PBXBuildFile; fileRef = 56AAD5BF29A3749C00B2832B /* Modelssss.swift */; };
		56AAD5C329A38AAD00B2832B /* SheetViewController.swift in Sources */ = {isa = PBXBuildFile; fileRef = 56AAD5C129A38AAD00B2832B /* SheetViewController.swift */; };
		56AAD5C429A38AAD00B2832B /* SheetViewController.xib in Resources */ = {isa = PBXBuildFile; fileRef = 56AAD5C229A38AAD00B2832B /* SheetViewController.xib */; };
		56B56225296FEA910055271F /* TestViewViewController.swift in Sources */ = {isa = PBXBuildFile; fileRef = 56B56223296FEA910055271F /* TestViewViewController.swift */; };
		56B56226296FEA910055271F /* TestViewViewController.xib in Resources */ = {isa = PBXBuildFile; fileRef = 56B56224296FEA910055271F /* TestViewViewController.xib */; };
		56F9F2FE299BD9A0002E964D /* Modelsss.swift in Sources */ = {isa = PBXBuildFile; fileRef = 56F9F2FD299BD9A0002E964D /* Modelsss.swift */; };
		649D394529598520005E1E89 /* BuyDiamondsVC.swift in Sources */ = {isa = PBXBuildFile; fileRef = 649D394329598520005E1E89 /* BuyDiamondsVC.swift */; };
		649D394629598520005E1E89 /* BuyDiamondsVC.xib in Resources */ = {isa = PBXBuildFile; fileRef = 649D394429598520005E1E89 /* BuyDiamondsVC.xib */; };
		649D394929599288005E1E89 /* Sarabun in Resources */ = {isa = PBXBuildFile; fileRef = 649D394829599288005E1E89 /* Sarabun */; };
		649D394D29599CE0005E1E89 /* DiamondCell.swift in Sources */ = {isa = PBXBuildFile; fileRef = 649D394B29599CE0005E1E89 /* DiamondCell.swift */; };
		649D394E29599CE0005E1E89 /* DiamondCell.xib in Resources */ = {isa = PBXBuildFile; fileRef = 649D394C29599CE0005E1E89 /* DiamondCell.xib */; };
		64D3A1BC2959A5D8007EC7E3 /* DiamondModel.swift in Sources */ = {isa = PBXBuildFile; fileRef = 64D3A1BB2959A5D8007EC7E3 /* DiamondModel.swift */; };
		64D3A1BF2959A8BA007EC7E3 /* IntExt.swift in Sources */ = {isa = PBXBuildFile; fileRef = 64D3A1BE2959A8BA007EC7E3 /* IntExt.swift */; };
		64D3A1C5295C209A007EC7E3 /* StringExt.swift in Sources */ = {isa = PBXBuildFile; fileRef = 64D3A1C4295C209A007EC7E3 /* StringExt.swift */; };
		64D3A1C7295C2E25007EC7E3 /* UIViewExt.swift in Sources */ = {isa = PBXBuildFile; fileRef = 64D3A1C6295C2E25007EC7E3 /* UIViewExt.swift */; };
		64EF85FD295C4154000F4EBB /* UIButton.swift in Sources */ = {isa = PBXBuildFile; fileRef = 64EF85FC295C4154000F4EBB /* UIButton.swift */; };
/* End PBXBuildFile section */

/* Begin PBXFileReference section */
		492396FE293EF96800CC84FA /* iOSUIKitXib.app */ = {isa = PBXFileReference; explicitFileType = wrapper.application; includeInIndex = 0; path = iOSUIKitXib.app; sourceTree = BUILT_PRODUCTS_DIR; };
		49239701293EF96800CC84FA /* AppDelegate.swift */ = {isa = PBXFileReference; lastKnownFileType = sourcecode.swift; path = AppDelegate.swift; sourceTree = "<group>"; };
		49239705293EF96800CC84FA /* ViewController.swift */ = {isa = PBXFileReference; lastKnownFileType = sourcecode.swift; path = ViewController.swift; sourceTree = "<group>"; };
		4923970A293EF96900CC84FA /* Assets.xcassets */ = {isa = PBXFileReference; lastKnownFileType = folder.assetcatalog; path = Assets.xcassets; sourceTree = "<group>"; };
		4923970D293EF96900CC84FA /* Base */ = {isa = PBXFileReference; lastKnownFileType = file.storyboard; name = Base; path = Base.lproj/LaunchScreen.storyboard; sourceTree = "<group>"; };
		4923970F293EF96900CC84FA /* Info.plist */ = {isa = PBXFileReference; lastKnownFileType = text.plist.xml; path = Info.plist; sourceTree = "<group>"; };
		49239715293EFAB600CC84FA /* ViewController.xib */ = {isa = PBXFileReference; lastKnownFileType = file.xib; path = ViewController.xib; sourceTree = "<group>"; };
		563FC30029948C77009254DE /* ProfileViewController.swift */ = {isa = PBXFileReference; lastKnownFileType = sourcecode.swift; path = ProfileViewController.swift; sourceTree = "<group>"; };
		563FC30129948C77009254DE /* ProfileViewController.xib */ = {isa = PBXFileReference; lastKnownFileType = file.xib; path = ProfileViewController.xib; sourceTree = "<group>"; };
		563FC3042994965C009254DE /* HeaderView.xib */ = {isa = PBXFileReference; lastKnownFileType = file.xib; path = HeaderView.xib; sourceTree = "<group>"; };
		563FC3062994CB4E009254DE /* HeaderView.swift */ = {isa = PBXFileReference; lastKnownFileType = sourcecode.swift; path = HeaderView.swift; sourceTree = "<group>"; };
		563FC3092994CEF1009254DE /* ListSettingTableViewCell.swift */ = {isa = PBXFileReference; lastKnownFileType = sourcecode.swift; path = ListSettingTableViewCell.swift; sourceTree = "<group>"; };
		563FC30A2994CEF1009254DE /* ListSettingTableViewCell.xib */ = {isa = PBXFileReference; lastKnownFileType = file.xib; path = ListSettingTableViewCell.xib; sourceTree = "<group>"; };
		564907922966703C00CD768C /* TestViewController.swift */ = {isa = PBXFileReference; lastKnownFileType = sourcecode.swift; path = TestViewController.swift; sourceTree = "<group>"; };
		564907932966703C00CD768C /* TestViewController.xib */ = {isa = PBXFileReference; lastKnownFileType = file.xib; path = TestViewController.xib; sourceTree = "<group>"; };
		564907962966A30600CD768C /* SecondViewController.swift */ = {isa = PBXFileReference; lastKnownFileType = sourcecode.swift; path = SecondViewController.swift; sourceTree = "<group>"; };
		564907972966A30600CD768C /* SecondViewController.xib */ = {isa = PBXFileReference; lastKnownFileType = file.xib; path = SecondViewController.xib; sourceTree = "<group>"; };
		5649079A2966D57900CD768C /* StackViewViewController.swift */ = {isa = PBXFileReference; lastKnownFileType = sourcecode.swift; path = StackViewViewController.swift; sourceTree = "<group>"; };
		5649079B2966D57900CD768C /* StackViewViewController.xib */ = {isa = PBXFileReference; lastKnownFileType = file.xib; path = StackViewViewController.xib; sourceTree = "<group>"; };
		5649079E2967C71A00CD768C /* PresentViewController.swift */ = {isa = PBXFileReference; lastKnownFileType = sourcecode.swift; path = PresentViewController.swift; sourceTree = "<group>"; };
		5649079F2967C71A00CD768C /* PresentViewController.xib */ = {isa = PBXFileReference; lastKnownFileType = file.xib; path = PresentViewController.xib; sourceTree = "<group>"; };
		564907A2296BF17100CD768C /* TableViewController.swift */ = {isa = PBXFileReference; lastKnownFileType = sourcecode.swift; path = TableViewController.swift; sourceTree = "<group>"; };
		564907A3296BF17100CD768C /* TableViewController.xib */ = {isa = PBXFileReference; lastKnownFileType = file.xib; path = TableViewController.xib; sourceTree = "<group>"; };
		564907A6296BF4DE00CD768C /* TestTableViewCell.swift */ = {isa = PBXFileReference; lastKnownFileType = sourcecode.swift; path = TestTableViewCell.swift; sourceTree = "<group>"; };
		564907A7296BF4DE00CD768C /* TestTableViewCell.xib */ = {isa = PBXFileReference; lastKnownFileType = file.xib; path = TestTableViewCell.xib; sourceTree = "<group>"; };
		5691439A2974538A001E1E5E /* UIViewSelec.swift */ = {isa = PBXFileReference; lastKnownFileType = sourcecode.swift; path = UIViewSelec.swift; sourceTree = "<group>"; };
		5691439C29753E01001E1E5E /* WalletDiamondsViewController.swift */ = {isa = PBXFileReference; lastKnownFileType = sourcecode.swift; path = WalletDiamondsViewController.swift; sourceTree = "<group>"; };
		5691439D29753E01001E1E5E /* WalletDiamondsViewController.xib */ = {isa = PBXFileReference; lastKnownFileType = file.xib; path = WalletDiamondsViewController.xib; sourceTree = "<group>"; };
		569143A129754CF1001E1E5E /* buyDiamondCollectionViewCell.swift */ = {isa = PBXFileReference; lastKnownFileType = sourcecode.swift; path = buyDiamondCollectionViewCell.swift; sourceTree = "<group>"; };
		569143A229754CF1001E1E5E /* buyDiamondCollectionViewCell.xib */ = {isa = PBXFileReference; lastKnownFileType = file.xib; path = buyDiamondCollectionViewCell.xib; sourceTree = "<group>"; };
		569B72082995E0FE00104EE5 /* OptionTableViewCell.swift */ = {isa = PBXFileReference; lastKnownFileType = sourcecode.swift; path = OptionTableViewCell.swift; sourceTree = "<group>"; };
		569B72092995E0FE00104EE5 /* OptionTableViewCell.xib */ = {isa = PBXFileReference; lastKnownFileType = file.xib; path = OptionTableViewCell.xib; sourceTree = "<group>"; };
		569B720C2995E1AC00104EE5 /* LiveCenterViewController.swift */ = {isa = PBXFileReference; lastKnownFileType = sourcecode.swift; path = LiveCenterViewController.swift; sourceTree = "<group>"; };
		569B720D2995E1AC00104EE5 /* LiveCenterViewController.xib */ = {isa = PBXFileReference; lastKnownFileType = file.xib; path = LiveCenterViewController.xib; sourceTree = "<group>"; };
		569B72112995E39300104EE5 /* HeaderViewLive.xib */ = {isa = PBXFileReference; lastKnownFileType = file.xib; path = HeaderViewLive.xib; sourceTree = "<group>"; };
		569B72132995E51300104EE5 /* HeaderViewLive.swift */ = {isa = PBXFileReference; lastKnownFileType = sourcecode.swift; path = HeaderViewLive.swift; sourceTree = "<group>"; };
		569B721629961D6B00104EE5 /* VideoPlaybackViewController.swift */ = {isa = PBXFileReference; lastKnownFileType = sourcecode.swift; path = VideoPlaybackViewController.swift; sourceTree = "<group>"; };
		569B721729961D6B00104EE5 /* VideoPlaybackViewController.xib */ = {isa = PBXFileReference; lastKnownFileType = file.xib; path = VideoPlaybackViewController.xib; sourceTree = "<group>"; };
		569B721A2996261800104EE5 /* ListVideoTableViewCell.swift */ = {isa = PBXFileReference; lastKnownFileType = sourcecode.swift; path = ListVideoTableViewCell.swift; sourceTree = "<group>"; };
		569B721B2996261800104EE5 /* ListVideoTableViewCell.xib */ = {isa = PBXFileReference; lastKnownFileType = file.xib; path = ListVideoTableViewCell.xib; sourceTree = "<group>"; };
		569B721F29962B1000104EE5 /* ListPostedVideoTableViewCell.swift */ = {isa = PBXFileReference; lastKnownFileType = sourcecode.swift; path = ListPostedVideoTableViewCell.swift; sourceTree = "<group>"; };
		569B722029962B1000104EE5 /* ListPostedVideoTableViewCell.xib */ = {isa = PBXFileReference; lastKnownFileType = file.xib; path = ListPostedVideoTableViewCell.xib; sourceTree = "<group>"; };
		569B722329964DFF00104EE5 /* BaseTableViewCell.swift */ = {isa = PBXFileReference; lastKnownFileType = sourcecode.swift; path = BaseTableViewCell.swift; sourceTree = "<group>"; };
		569B72662999D82500104EE5 /* EditVideoViewController.swift */ = {isa = PBXFileReference; lastKnownFileType = sourcecode.swift; path = EditVideoViewController.swift; sourceTree = "<group>"; };
		569B72672999D82500104EE5 /* EditVideoViewController.xib */ = {isa = PBXFileReference; lastKnownFileType = file.xib; path = EditVideoViewController.xib; sourceTree = "<group>"; };
		569B726E299B226C00104EE5 /* Cell.swift */ = {isa = PBXFileReference; lastKnownFileType = sourcecode.swift; path = Cell.swift; sourceTree = "<group>"; };
		569B726F299B226C00104EE5 /* Cell.xib */ = {isa = PBXFileReference; lastKnownFileType = file.xib; path = Cell.xib; sourceTree = "<group>"; };
		569B7273299B303E00104EE5 /* GiveAGiftViewController.swift */ = {isa = PBXFileReference; lastKnownFileType = sourcecode.swift; path = GiveAGiftViewController.swift; sourceTree = "<group>"; };
		569B7274299B303E00104EE5 /* GiveAGiftViewController.xib */ = {isa = PBXFileReference; lastKnownFileType = file.xib; path = GiveAGiftViewController.xib; sourceTree = "<group>"; };
		569B7277299B63D700104EE5 /* BoxView.xib */ = {isa = PBXFileReference; lastKnownFileType = file.xib; path = BoxView.xib; sourceTree = "<group>"; };
		569B7279299B6D1600104EE5 /* BoxView.swift */ = {isa = PBXFileReference; lastKnownFileType = sourcecode.swift; path = BoxView.swift; sourceTree = "<group>"; };
		569DA5C7296D59FB001003A1 /* CollectionViewController.swift */ = {isa = PBXFileReference; lastKnownFileType = sourcecode.swift; path = CollectionViewController.swift; sourceTree = "<group>"; };
		569DA5C8296D59FB001003A1 /* CollectionViewController.xib */ = {isa = PBXFileReference; lastKnownFileType = file.xib; path = CollectionViewController.xib; sourceTree = "<group>"; };
		569DA5CB296D5A44001003A1 /* TestCollectionViewCell.swift */ = {isa = PBXFileReference; lastKnownFileType = sourcecode.swift; path = TestCollectionViewCell.swift; sourceTree = "<group>"; };
		569DA5CC296D5A44001003A1 /* TestCollectionViewCell.xib */ = {isa = PBXFileReference; lastKnownFileType = file.xib; path = TestCollectionViewCell.xib; sourceTree = "<group>"; };
		569DA5D0296D6B71001003A1 /* CustomCollecVsTableViewController.swift */ = {isa = PBXFileReference; lastKnownFileType = sourcecode.swift; path = CustomCollecVsTableViewController.swift; sourceTree = "<group>"; };
		569DA5D1296D6B71001003A1 /* CustomCollecVsTableViewController.xib */ = {isa = PBXFileReference; lastKnownFileType = file.xib; path = CustomCollecVsTableViewController.xib; sourceTree = "<group>"; };
		569DA5D6296D6C8F001003A1 /* CollectionTableViewCell.swift */ = {isa = PBXFileReference; lastKnownFileType = sourcecode.swift; path = CollectionTableViewCell.swift; sourceTree = "<group>"; };
		569DA5D7296D6C8F001003A1 /* CollectionTableViewCell.xib */ = {isa = PBXFileReference; lastKnownFileType = file.xib; path = CollectionTableViewCell.xib; sourceTree = "<group>"; };
		569DA5DA296D6CB9001003A1 /* MyCollectionViewCell.swift */ = {isa = PBXFileReference; lastKnownFileType = sourcecode.swift; path = MyCollectionViewCell.swift; sourceTree = "<group>"; };
		569DA5DB296D6CB9001003A1 /* MyCollectionViewCell.xib */ = {isa = PBXFileReference; lastKnownFileType = file.xib; path = MyCollectionViewCell.xib; sourceTree = "<group>"; };
		569DA5DE296E5232001003A1 /* Model.swift */ = {isa = PBXFileReference; lastKnownFileType = sourcecode.swift; path = Model.swift; sourceTree = "<group>"; };
		569DA5E8296FE086001003A1 /* CustomView.xib */ = {isa = PBXFileReference; lastKnownFileType = file.xib; path = CustomView.xib; sourceTree = "<group>"; };
		569DA5EA296FE0EC001003A1 /* CustomView.swift */ = {isa = PBXFileReference; lastKnownFileType = sourcecode.swift; path = CustomView.swift; sourceTree = "<group>"; };
		56AAD5B529A31A0B00B2832B /* ChartsViewController.swift */ = {isa = PBXFileReference; lastKnownFileType = sourcecode.swift; path = ChartsViewController.swift; sourceTree = "<group>"; };
		56AAD5B629A31A0B00B2832B /* ChartsViewController.xib */ = {isa = PBXFileReference; lastKnownFileType = file.xib; path = ChartsViewController.xib; sourceTree = "<group>"; };
		56AAD5BA29A36E0600B2832B /* TopDedicationTableViewCell.swift */ = {isa = PBXFileReference; lastKnownFileType = sourcecode.swift; path = TopDedicationTableViewCell.swift; sourceTree = "<group>"; };
		56AAD5BB29A36E0600B2832B /* TopDedicationTableViewCell.xib */ = {isa = PBXFileReference; lastKnownFileType = file.xib; path = TopDedicationTableViewCell.xib; sourceTree = "<group>"; };
		56AAD5BF29A3749C00B2832B /* Modelssss.swift */ = {isa = PBXFileReference; lastKnownFileType = sourcecode.swift; path = Modelssss.swift; sourceTree = "<group>"; };
		56AAD5C129A38AAD00B2832B /* SheetViewController.swift */ = {isa = PBXFileReference; lastKnownFileType = sourcecode.swift; path = SheetViewController.swift; sourceTree = "<group>"; };
		56AAD5C229A38AAD00B2832B /* SheetViewController.xib */ = {isa = PBXFileReference; lastKnownFileType = file.xib; path = SheetViewController.xib; sourceTree = "<group>"; };
		56B56223296FEA910055271F /* TestViewViewController.swift */ = {isa = PBXFileReference; lastKnownFileType = sourcecode.swift; path = TestViewViewController.swift; sourceTree = "<group>"; };
		56B56224296FEA910055271F /* TestViewViewController.xib */ = {isa = PBXFileReference; lastKnownFileType = file.xib; path = TestViewViewController.xib; sourceTree = "<group>"; };
		56F9F2FD299BD9A0002E964D /* Modelsss.swift */ = {isa = PBXFileReference; lastKnownFileType = sourcecode.swift; path = Modelsss.swift; sourceTree = "<group>"; };
		649D394329598520005E1E89 /* BuyDiamondsVC.swift */ = {isa = PBXFileReference; lastKnownFileType = sourcecode.swift; path = BuyDiamondsVC.swift; sourceTree = "<group>"; };
		649D394429598520005E1E89 /* BuyDiamondsVC.xib */ = {isa = PBXFileReference; lastKnownFileType = file.xib; path = BuyDiamondsVC.xib; sourceTree = "<group>"; };
		649D394829599288005E1E89 /* Sarabun */ = {isa = PBXFileReference; lastKnownFileType = folder; path = Sarabun; sourceTree = "<group>"; };
		649D394B29599CE0005E1E89 /* DiamondCell.swift */ = {isa = PBXFileReference; lastKnownFileType = sourcecode.swift; path = DiamondCell.swift; sourceTree = "<group>"; };
		649D394C29599CE0005E1E89 /* DiamondCell.xib */ = {isa = PBXFileReference; lastKnownFileType = file.xib; path = DiamondCell.xib; sourceTree = "<group>"; };
		64D3A1BB2959A5D8007EC7E3 /* DiamondModel.swift */ = {isa = PBXFileReference; lastKnownFileType = sourcecode.swift; path = DiamondModel.swift; sourceTree = "<group>"; };
		64D3A1BE2959A8BA007EC7E3 /* IntExt.swift */ = {isa = PBXFileReference; lastKnownFileType = sourcecode.swift; path = IntExt.swift; sourceTree = "<group>"; };
		64D3A1C4295C209A007EC7E3 /* StringExt.swift */ = {isa = PBXFileReference; lastKnownFileType = sourcecode.swift; path = StringExt.swift; sourceTree = "<group>"; };
		64D3A1C6295C2E25007EC7E3 /* UIViewExt.swift */ = {isa = PBXFileReference; lastKnownFileType = sourcecode.swift; path = UIViewExt.swift; sourceTree = "<group>"; };
		64EF85FC295C4154000F4EBB /* UIButton.swift */ = {isa = PBXFileReference; lastKnownFileType = sourcecode.swift; path = UIButton.swift; sourceTree = "<group>"; };
/* End PBXFileReference section */

/* Begin PBXFrameworksBuildPhase section */
		492396FB293EF96800CC84FA /* Frameworks */ = {
			isa = PBXFrameworksBuildPhase;
			buildActionMask = 2147483647;
			files = (
			);
			runOnlyForDeploymentPostprocessing = 0;
		};
/* End PBXFrameworksBuildPhase section */

/* Begin PBXGroup section */
		492396F5293EF96800CC84FA = {
			isa = PBXGroup;
			children = (
				49239700293EF96800CC84FA /* iOSUIKitXib */,
				492396FF293EF96800CC84FA /* Products */,
			);
			sourceTree = "<group>";
		};
		492396FF293EF96800CC84FA /* Products */ = {
			isa = PBXGroup;
			children = (
				492396FE293EF96800CC84FA /* iOSUIKitXib.app */,
			);
			name = Products;
			sourceTree = "<group>";
		};
		49239700293EF96800CC84FA /* iOSUIKitXib */ = {
			isa = PBXGroup;
			children = (
				49239701293EF96800CC84FA /* AppDelegate.swift */,
				49239705293EF96800CC84FA /* ViewController.swift */,
				49239715293EFAB600CC84FA /* ViewController.xib */,
				569B726E299B226C00104EE5 /* Cell.swift */,
				569B726F299B226C00104EE5 /* Cell.xib */,
				4923970A293EF96900CC84FA /* Assets.xcassets */,
				4923970C293EF96900CC84FA /* LaunchScreen.storyboard */,
				4923970F293EF96900CC84FA /* Info.plist */,
				56F9F2FF299DD97D002E964D /* Charts */,
				569B7272299B2FDE00104EE5 /* GiveGift */,
				569B72652999D7FE00104EE5 /* EditVideo */,
				569B721529961CE900104EE5 /* VideoPlayback */,
				569B72072995E05000104EE5 /* CenterLive */,
				563FC2FF29948C24009254DE /* Profile */,
				56914395297142E8001E1E5E /* Wallet Diamond */,
				649D39422959849D005E1E89 /* BuyDiamonds */,
				56B5625429713BAE0055271F /* Tests */,
				569DA5E0296E5255001003A1 /* Models */,
				64D3A1BD2959A8A5007EC7E3 /* Extension */,
				649D394729599206005E1E89 /* Font */,
			);
			path = iOSUIKitXib;
			sourceTree = "<group>";
		};
		563FC2FF29948C24009254DE /* Profile */ = {
			isa = PBXGroup;
			children = (
				563FC30029948C77009254DE /* ProfileViewController.swift */,
				563FC30129948C77009254DE /* ProfileViewController.xib */,
				563FC3082994CE9E009254DE /* Cell */,
				563FC3062994CB4E009254DE /* HeaderView.swift */,
				563FC3042994965C009254DE /* HeaderView.xib */,
			);
			path = Profile;
			sourceTree = "<group>";
		};
		563FC3082994CE9E009254DE /* Cell */ = {
			isa = PBXGroup;
			children = (
				563FC3092994CEF1009254DE /* ListSettingTableViewCell.swift */,
				563FC30A2994CEF1009254DE /* ListSettingTableViewCell.xib */,
			);
			path = Cell;
			sourceTree = "<group>";
		};
		564907912966700D00CD768C /* TestVC */ = {
			isa = PBXGroup;
			children = (
				564907922966703C00CD768C /* TestViewController.swift */,
				564907932966703C00CD768C /* TestViewController.xib */,
				564907962966A30600CD768C /* SecondViewController.swift */,
				564907972966A30600CD768C /* SecondViewController.xib */,
				5649079A2966D57900CD768C /* StackViewViewController.swift */,
				5649079B2966D57900CD768C /* StackViewViewController.xib */,
				5649079E2967C71A00CD768C /* PresentViewController.swift */,
				5649079F2967C71A00CD768C /* PresentViewController.xib */,
				564907A2296BF17100CD768C /* TableViewController.swift */,
				564907A3296BF17100CD768C /* TableViewController.xib */,
				569DA5C7296D59FB001003A1 /* CollectionViewController.swift */,
				569DA5C8296D59FB001003A1 /* CollectionViewController.xib */,
				564907AA296BF4EB00CD768C /* Cells */,
			);
			path = TestVC;
			sourceTree = "<group>";
		};
		564907AA296BF4EB00CD768C /* Cells */ = {
			isa = PBXGroup;
			children = (
				564907A6296BF4DE00CD768C /* TestTableViewCell.swift */,
				564907A7296BF4DE00CD768C /* TestTableViewCell.xib */,
				569DA5CB296D5A44001003A1 /* TestCollectionViewCell.swift */,
				569DA5CC296D5A44001003A1 /* TestCollectionViewCell.xib */,
			);
			path = Cells;
			sourceTree = "<group>";
		};
		56914395297142E8001E1E5E /* Wallet Diamond */ = {
			isa = PBXGroup;
			children = (
				5691439C29753E01001E1E5E /* WalletDiamondsViewController.swift */,
				5691439D29753E01001E1E5E /* WalletDiamondsViewController.xib */,
				569143A029754C95001E1E5E /* CellCollect */,
			);
			path = "Wallet Diamond";
			sourceTree = "<group>";
		};
		569143A029754C95001E1E5E /* CellCollect */ = {
			isa = PBXGroup;
			children = (
				569143A129754CF1001E1E5E /* buyDiamondCollectionViewCell.swift */,
				569143A229754CF1001E1E5E /* buyDiamondCollectionViewCell.xib */,
			);
			path = CellCollect;
			sourceTree = "<group>";
		};
		569B72072995E05000104EE5 /* CenterLive */ = {
			isa = PBXGroup;
			children = (
				569B720C2995E1AC00104EE5 /* LiveCenterViewController.swift */,
				569B720D2995E1AC00104EE5 /* LiveCenterViewController.xib */,
				569B72102995E1BD00104EE5 /* Cell */,
				569B72132995E51300104EE5 /* HeaderViewLive.swift */,
				569B72112995E39300104EE5 /* HeaderViewLive.xib */,
			);
			path = CenterLive;
			sourceTree = "<group>";
		};
		569B72102995E1BD00104EE5 /* Cell */ = {
			isa = PBXGroup;
			children = (
				569B72082995E0FE00104EE5 /* OptionTableViewCell.swift */,
				569B72092995E0FE00104EE5 /* OptionTableViewCell.xib */,
			);
			path = Cell;
			sourceTree = "<group>";
		};
		569B721529961CE900104EE5 /* VideoPlayback */ = {
			isa = PBXGroup;
			children = (
				569B721629961D6B00104EE5 /* VideoPlaybackViewController.swift */,
				569B721729961D6B00104EE5 /* VideoPlaybackViewController.xib */,
				569B721E2996261E00104EE5 /* Cell */,
			);
			path = VideoPlayback;
			sourceTree = "<group>";
		};
		569B721E2996261E00104EE5 /* Cell */ = {
			isa = PBXGroup;
			children = (
				569B721A2996261800104EE5 /* ListVideoTableViewCell.swift */,
				569B721B2996261800104EE5 /* ListVideoTableViewCell.xib */,
				569B721F29962B1000104EE5 /* ListPostedVideoTableViewCell.swift */,
				569B722029962B1000104EE5 /* ListPostedVideoTableViewCell.xib */,
				569B722329964DFF00104EE5 /* BaseTableViewCell.swift */,
			);
			path = Cell;
			sourceTree = "<group>";
		};
		569B72652999D7FE00104EE5 /* EditVideo */ = {
			isa = PBXGroup;
			children = (
				569B72662999D82500104EE5 /* EditVideoViewController.swift */,
				569B72672999D82500104EE5 /* EditVideoViewController.xib */,
			);
			path = EditVideo;
			sourceTree = "<group>";
		};
		569B7272299B2FDE00104EE5 /* GiveGift */ = {
			isa = PBXGroup;
			children = (
				569B7273299B303E00104EE5 /* GiveAGiftViewController.swift */,
				569B7274299B303E00104EE5 /* GiveAGiftViewController.xib */,
				569B7279299B6D1600104EE5 /* BoxView.swift */,
				569B7277299B63D700104EE5 /* BoxView.xib */,
				56F9F2FD299BD9A0002E964D /* Modelsss.swift */,
			);
			path = GiveGift;
			sourceTree = "<group>";
		};
		569DA5CF296D6B34001003A1 /* Custom */ = {
			isa = PBXGroup;
			children = (
				569DA5E7296FE061001003A1 /* CustomView */,
				569DA5E6296FE020001003A1 /* Custom CollectionAndTable */,
			);
			path = Custom;
			sourceTree = "<group>";
		};
		569DA5D4296D6BF2001003A1 /* TableCell */ = {
			isa = PBXGroup;
			children = (
				569DA5D6296D6C8F001003A1 /* CollectionTableViewCell.swift */,
				569DA5D7296D6C8F001003A1 /* CollectionTableViewCell.xib */,
			);
			path = TableCell;
			sourceTree = "<group>";
		};
		569DA5D5296D6BFF001003A1 /* CollecCell */ = {
			isa = PBXGroup;
			children = (
				569DA5DA296D6CB9001003A1 /* MyCollectionViewCell.swift */,
				569DA5DB296D6CB9001003A1 /* MyCollectionViewCell.xib */,
			);
			path = CollecCell;
			sourceTree = "<group>";
		};
		569DA5E0296E5255001003A1 /* Models */ = {
			isa = PBXGroup;
			children = (
				569DA5DE296E5232001003A1 /* Model.swift */,
			);
			path = Models;
			sourceTree = "<group>";
		};
		569DA5E6296FE020001003A1 /* Custom CollectionAndTable */ = {
			isa = PBXGroup;
			children = (
				569DA5D0296D6B71001003A1 /* CustomCollecVsTableViewController.swift */,
				569DA5D1296D6B71001003A1 /* CustomCollecVsTableViewController.xib */,
				569DA5D4296D6BF2001003A1 /* TableCell */,
				569DA5D5296D6BFF001003A1 /* CollecCell */,
			);
			path = "Custom CollectionAndTable";
			sourceTree = "<group>";
		};
		569DA5E7296FE061001003A1 /* CustomView */ = {
			isa = PBXGroup;
			children = (
				569DA5EA296FE0EC001003A1 /* CustomView.swift */,
				569DA5E8296FE086001003A1 /* CustomView.xib */,
				56B56223296FEA910055271F /* TestViewViewController.swift */,
				56B56224296FEA910055271F /* TestViewViewController.xib */,
			);
			path = CustomView;
			sourceTree = "<group>";
		};
		56AAD5B929A36D9300B2832B /* Cellsss */ = {
			isa = PBXGroup;
			children = (
				56AAD5BA29A36E0600B2832B /* TopDedicationTableViewCell.swift */,
				56AAD5BB29A36E0600B2832B /* TopDedicationTableViewCell.xib */,
			);
			path = Cellsss;
			sourceTree = "<group>";
		};
		56B5625429713BAE0055271F /* Tests */ = {
			isa = PBXGroup;
			children = (
				564907912966700D00CD768C /* TestVC */,
				569DA5CF296D6B34001003A1 /* Custom */,
			);
			path = Tests;
			sourceTree = "<group>";
		};
		56F9F2FF299DD97D002E964D /* Charts */ = {
			isa = PBXGroup;
			children = (
				56AAD5B929A36D9300B2832B /* Cellsss */,
				56AAD5B529A31A0B00B2832B /* ChartsViewController.swift */,
				56AAD5B629A31A0B00B2832B /* ChartsViewController.xib */,
				56AAD5BF29A3749C00B2832B /* Modelssss.swift */,
				56AAD5C129A38AAD00B2832B /* SheetViewController.swift */,
				56AAD5C229A38AAD00B2832B /* SheetViewController.xib */,
			);
			name = Charts;
			path = "Chát";
			sourceTree = "<group>";
		};
		649D39422959849D005E1E89 /* BuyDiamonds */ = {
			isa = PBXGroup;
			children = (
				649D394A29599C92005E1E89 /* Cell */,
				649D394329598520005E1E89 /* BuyDiamondsVC.swift */,
				649D394429598520005E1E89 /* BuyDiamondsVC.xib */,
			);
			path = BuyDiamonds;
			sourceTree = "<group>";
		};
		649D394729599206005E1E89 /* Font */ = {
			isa = PBXGroup;
			children = (
				649D394829599288005E1E89 /* Sarabun */,
			);
			path = Font;
			sourceTree = "<group>";
		};
		649D394A29599C92005E1E89 /* Cell */ = {
			isa = PBXGroup;
			children = (
				649D394B29599CE0005E1E89 /* DiamondCell.swift */,
				649D394C29599CE0005E1E89 /* DiamondCell.xib */,
				64D3A1BB2959A5D8007EC7E3 /* DiamondModel.swift */,
			);
			path = Cell;
			sourceTree = "<group>";
		};
		64D3A1BD2959A8A5007EC7E3 /* Extension */ = {
			isa = PBXGroup;
			children = (
				64D3A1BE2959A8BA007EC7E3 /* IntExt.swift */,
				64D3A1C4295C209A007EC7E3 /* StringExt.swift */,
				64D3A1C6295C2E25007EC7E3 /* UIViewExt.swift */,
				64EF85FC295C4154000F4EBB /* UIButton.swift */,
				5691439A2974538A001E1E5E /* UIViewSelec.swift */,
			);
			path = Extension;
			sourceTree = "<group>";
		};
/* End PBXGroup section */

/* Begin PBXNativeTarget section */
		492396FD293EF96800CC84FA /* iOSUIKitXib */ = {
			isa = PBXNativeTarget;
			buildConfigurationList = 49239712293EF96900CC84FA /* Build configuration list for PBXNativeTarget "iOSUIKitXib" */;
			buildPhases = (
				492396FA293EF96800CC84FA /* Sources */,
				492396FB293EF96800CC84FA /* Frameworks */,
				492396FC293EF96800CC84FA /* Resources */,
			);
			buildRules = (
			);
			dependencies = (
			);
			name = iOSUIKitXib;
			productName = iOSUIKitXib;
			productReference = 492396FE293EF96800CC84FA /* iOSUIKitXib.app */;
			productType = "com.apple.product-type.application";
		};
/* End PBXNativeTarget section */

/* Begin PBXProject section */
		492396F6293EF96800CC84FA /* Project object */ = {
			isa = PBXProject;
			attributes = {
				BuildIndependentTargetsInParallel = 1;
				LastSwiftUpdateCheck = 1410;
				LastUpgradeCheck = 1410;
				TargetAttributes = {
					492396FD293EF96800CC84FA = {
						CreatedOnToolsVersion = 14.1;
					};
				};
			};
			buildConfigurationList = 492396F9293EF96800CC84FA /* Build configuration list for PBXProject "iOSUIKitXib" */;
			compatibilityVersion = "Xcode 12.0";
			developmentRegion = en;
			hasScannedForEncodings = 0;
			knownRegions = (
				en,
				Base,
			);
			mainGroup = 492396F5293EF96800CC84FA;
			productRefGroup = 492396FF293EF96800CC84FA /* Products */;
			projectDirPath = "";
			projectRoot = "";
			targets = (
				492396FD293EF96800CC84FA /* iOSUIKitXib */,
			);
		};
/* End PBXProject section */

/* Begin PBXResourcesBuildPhase section */
		492396FC293EF96800CC84FA /* Resources */ = {
			isa = PBXResourcesBuildPhase;
			buildActionMask = 2147483647;
			files = (
				569B7278299B63D700104EE5 /* BoxView.xib in Resources */,
				569DA5E9296FE086001003A1 /* CustomView.xib in Resources */,
				56AAD5B829A31A0B00B2832B /* ChartsViewController.xib in Resources */,
				649D394629598520005E1E89 /* BuyDiamondsVC.xib in Resources */,
				569DA5DD296D6CB9001003A1 /* MyCollectionViewCell.xib in Resources */,
				569DA5CA296D59FB001003A1 /* CollectionViewController.xib in Resources */,
				569DA5D3296D6B71001003A1 /* CustomCollecVsTableViewController.xib in Resources */,
				569B721929961D6B00104EE5 /* VideoPlaybackViewController.xib in Resources */,
				56B56226296FEA910055271F /* TestViewViewController.xib in Resources */,
				564907A12967C71A00CD768C /* PresentViewController.xib in Resources */,
				564907A5296BF17100CD768C /* TableViewController.xib in Resources */,
				569B721D2996261800104EE5 /* ListVideoTableViewCell.xib in Resources */,
				4923970E293EF96900CC84FA /* LaunchScreen.storyboard in Resources */,
				56AAD5BD29A36E0600B2832B /* TopDedicationTableViewCell.xib in Resources */,
				569B72692999D82500104EE5 /* EditVideoViewController.xib in Resources */,
				569B720F2995E1AC00104EE5 /* LiveCenterViewController.xib in Resources */,
				569B722229962B1000104EE5 /* ListPostedVideoTableViewCell.xib in Resources */,
				563FC3052994965C009254DE /* HeaderView.xib in Resources */,
				649D394E29599CE0005E1E89 /* DiamondCell.xib in Resources */,
				56AAD5C429A38AAD00B2832B /* SheetViewController.xib in Resources */,
				649D394929599288005E1E89 /* Sarabun in Resources */,
				569DA5D9296D6C8F001003A1 /* CollectionTableViewCell.xib in Resources */,
				569DA5CE296D5A44001003A1 /* TestCollectionViewCell.xib in Resources */,
				564907992966A30600CD768C /* SecondViewController.xib in Resources */,
				49239716293EFAB600CC84FA /* ViewController.xib in Resources */,
				569B72122995E39300104EE5 /* HeaderViewLive.xib in Resources */,
				564907952966703C00CD768C /* TestViewController.xib in Resources */,
				563FC30329948C77009254DE /* ProfileViewController.xib in Resources */,
				563FC30C2994CEF1009254DE /* ListSettingTableViewCell.xib in Resources */,
				569B7271299B226C00104EE5 /* Cell.xib in Resources */,
				5649079D2966D57900CD768C /* StackViewViewController.xib in Resources */,
				564907A9296BF4DE00CD768C /* TestTableViewCell.xib in Resources */,
				569B7276299B303E00104EE5 /* GiveAGiftViewController.xib in Resources */,
				5691439F29753E01001E1E5E /* WalletDiamondsViewController.xib in Resources */,
				569143A429754CF1001E1E5E /* buyDiamondCollectionViewCell.xib in Resources */,
				569B720B2995E0FE00104EE5 /* OptionTableViewCell.xib in Resources */,
				4923970B293EF96900CC84FA /* Assets.xcassets in Resources */,
			);
			runOnlyForDeploymentPostprocessing = 0;
		};
/* End PBXResourcesBuildPhase section */

/* Begin PBXSourcesBuildPhase section */
		492396FA293EF96800CC84FA /* Sources */ = {
			isa = PBXSourcesBuildPhase;
			buildActionMask = 2147483647;
			files = (
				564907982966A30600CD768C /* SecondViewController.swift in Sources */,
				64D3A1C7295C2E25007EC7E3 /* UIViewExt.swift in Sources */,
				5649079C2966D57900CD768C /* StackViewViewController.swift in Sources */,
				569B72142995E51300104EE5 /* HeaderViewLive.swift in Sources */,
				569B722429964DFF00104EE5 /* BaseTableViewCell.swift in Sources */,
				49239706293EF96800CC84FA /* ViewController.swift in Sources */,
				564907942966703C00CD768C /* TestViewController.swift in Sources */,
				564907A8296BF4DE00CD768C /* TestTableViewCell.swift in Sources */,
				563FC30B2994CEF1009254DE /* ListSettingTableViewCell.swift in Sources */,
				563FC30229948C77009254DE /* ProfileViewController.swift in Sources */,
				569B720A2995E0FE00104EE5 /* OptionTableViewCell.swift in Sources */,
				56AAD5BC29A36E0600B2832B /* TopDedicationTableViewCell.swift in Sources */,
				649D394D29599CE0005E1E89 /* DiamondCell.swift in Sources */,
				569B727A299B6D1600104EE5 /* BoxView.swift in Sources */,
				569B721C2996261800104EE5 /* ListVideoTableViewCell.swift in Sources */,
				569DA5DC296D6CB9001003A1 /* MyCollectionViewCell.swift in Sources */,
				56AAD5B729A31A0B00B2832B /* ChartsViewController.swift in Sources */,
				569B720E2995E1AC00104EE5 /* LiveCenterViewController.swift in Sources */,
				56B56225296FEA910055271F /* TestViewViewController.swift in Sources */,
				569143A329754CF1001E1E5E /* buyDiamondCollectionViewCell.swift in Sources */,
				569B7275299B303E00104EE5 /* GiveAGiftViewController.swift in Sources */,
				56AAD5C329A38AAD00B2832B /* SheetViewController.swift in Sources */,
				64D3A1C5295C209A007EC7E3 /* StringExt.swift in Sources */,
				569DA5C9296D59FB001003A1 /* CollectionViewController.swift in Sources */,
				569B722129962B1000104EE5 /* ListPostedVideoTableViewCell.swift in Sources */,
				564907A02967C71A00CD768C /* PresentViewController.swift in Sources */,
				569DA5EB296FE0EC001003A1 /* CustomView.swift in Sources */,
				64EF85FD295C4154000F4EBB /* UIButton.swift in Sources */,
				569DA5CD296D5A44001003A1 /* TestCollectionViewCell.swift in Sources */,
				64D3A1BF2959A8BA007EC7E3 /* IntExt.swift in Sources */,
				569B721829961D6B00104EE5 /* VideoPlaybackViewController.swift in Sources */,
				569B72682999D82500104EE5 /* EditVideoViewController.swift in Sources */,
				649D394529598520005E1E89 /* BuyDiamondsVC.swift in Sources */,
				569DA5D8296D6C8F001003A1 /* CollectionTableViewCell.swift in Sources */,
				64D3A1BC2959A5D8007EC7E3 /* DiamondModel.swift in Sources */,
				5691439E29753E01001E1E5E /* WalletDiamondsViewController.swift in Sources */,
				5691439B2974538A001E1E5E /* UIViewSelec.swift in Sources */,
				564907A4296BF17100CD768C /* TableViewController.swift in Sources */,
				56F9F2FE299BD9A0002E964D /* Modelsss.swift in Sources */,
				569DA5DF296E5232001003A1 /* Model.swift in Sources */,
				56AAD5C029A3749C00B2832B /* Modelssss.swift in Sources */,
				49239702293EF96800CC84FA /* AppDelegate.swift in Sources */,
				569DA5D2296D6B71001003A1 /* CustomCollecVsTableViewController.swift in Sources */,
				563FC3072994CB4E009254DE /* HeaderView.swift in Sources */,
				569B7270299B226C00104EE5 /* Cell.swift in Sources */,
			);
			runOnlyForDeploymentPostprocessing = 0;
		};
/* End PBXSourcesBuildPhase section */

/* Begin PBXVariantGroup section */
		4923970C293EF96900CC84FA /* LaunchScreen.storyboard */ = {
			isa = PBXVariantGroup;
			children = (
				4923970D293EF96900CC84FA /* Base */,
			);
			name = LaunchScreen.storyboard;
			sourceTree = "<group>";
		};
/* End PBXVariantGroup section */

/* Begin XCBuildConfiguration section */
		49239710293EF96900CC84FA /* Debug */ = {
			isa = XCBuildConfiguration;
			buildSettings = {
				ALWAYS_SEARCH_USER_PATHS = NO;
				CLANG_ANALYZER_NONNULL = YES;
				CLANG_ANALYZER_NUMBER_OBJECT_CONVERSION = YES_AGGRESSIVE;
				CLANG_CXX_LANGUAGE_STANDARD = "gnu++20";
				CLANG_ENABLE_MODULES = YES;
				CLANG_ENABLE_OBJC_ARC = YES;
				CLANG_ENABLE_OBJC_WEAK = YES;
				CLANG_WARN_BLOCK_CAPTURE_AUTORELEASING = YES;
				CLANG_WARN_BOOL_CONVERSION = YES;
				CLANG_WARN_COMMA = YES;
				CLANG_WARN_CONSTANT_CONVERSION = YES;
				CLANG_WARN_DEPRECATED_OBJC_IMPLEMENTATIONS = YES;
				CLANG_WARN_DIRECT_OBJC_ISA_USAGE = YES_ERROR;
				CLANG_WARN_DOCUMENTATION_COMMENTS = YES;
				CLANG_WARN_EMPTY_BODY = YES;
				CLANG_WARN_ENUM_CONVERSION = YES;
				CLANG_WARN_INFINITE_RECURSION = YES;
				CLANG_WARN_INT_CONVERSION = YES;
				CLANG_WARN_NON_LITERAL_NULL_CONVERSION = YES;
				CLANG_WARN_OBJC_IMPLICIT_RETAIN_SELF = YES;
				CLANG_WARN_OBJC_LITERAL_CONVERSION = YES;
				CLANG_WARN_OBJC_ROOT_CLASS = YES_ERROR;
				CLANG_WARN_QUOTED_INCLUDE_IN_FRAMEWORK_HEADER = YES;
				CLANG_WARN_RANGE_LOOP_ANALYSIS = YES;
				CLANG_WARN_STRICT_PROTOTYPES = YES;
				CLANG_WARN_SUSPICIOUS_MOVE = YES;
				CLANG_WARN_UNGUARDED_AVAILABILITY = YES_AGGRESSIVE;
				CLANG_WARN_UNREACHABLE_CODE = YES;
				CLANG_WARN__DUPLICATE_METHOD_MATCH = YES;
				COPY_PHASE_STRIP = NO;
				DEBUG_INFORMATION_FORMAT = dwarf;
				ENABLE_STRICT_OBJC_MSGSEND = YES;
				ENABLE_TESTABILITY = YES;
				GCC_C_LANGUAGE_STANDARD = gnu11;
				GCC_DYNAMIC_NO_PIC = NO;
				GCC_NO_COMMON_BLOCKS = YES;
				GCC_OPTIMIZATION_LEVEL = 0;
				GCC_PREPROCESSOR_DEFINITIONS = (
					"DEBUG=1",
					"$(inherited)",
				);
				GCC_WARN_64_TO_32_BIT_CONVERSION = YES;
				GCC_WARN_ABOUT_RETURN_TYPE = YES_ERROR;
				GCC_WARN_UNDECLARED_SELECTOR = YES;
				GCC_WARN_UNINITIALIZED_AUTOS = YES_AGGRESSIVE;
				GCC_WARN_UNUSED_FUNCTION = YES;
				GCC_WARN_UNUSED_VARIABLE = YES;
				IPHONEOS_DEPLOYMENT_TARGET = 12.0;
				MTL_ENABLE_DEBUG_INFO = INCLUDE_SOURCE;
				MTL_FAST_MATH = YES;
				ONLY_ACTIVE_ARCH = YES;
				SDKROOT = iphoneos;
				SWIFT_ACTIVE_COMPILATION_CONDITIONS = DEBUG;
				SWIFT_OPTIMIZATION_LEVEL = "-Onone";
			};
			name = Debug;
		};
		49239711293EF96900CC84FA /* Release */ = {
			isa = XCBuildConfiguration;
			buildSettings = {
				ALWAYS_SEARCH_USER_PATHS = NO;
				CLANG_ANALYZER_NONNULL = YES;
				CLANG_ANALYZER_NUMBER_OBJECT_CONVERSION = YES_AGGRESSIVE;
				CLANG_CXX_LANGUAGE_STANDARD = "gnu++20";
				CLANG_ENABLE_MODULES = YES;
				CLANG_ENABLE_OBJC_ARC = YES;
				CLANG_ENABLE_OBJC_WEAK = YES;
				CLANG_WARN_BLOCK_CAPTURE_AUTORELEASING = YES;
				CLANG_WARN_BOOL_CONVERSION = YES;
				CLANG_WARN_COMMA = YES;
				CLANG_WARN_CONSTANT_CONVERSION = YES;
				CLANG_WARN_DEPRECATED_OBJC_IMPLEMENTATIONS = YES;
				CLANG_WARN_DIRECT_OBJC_ISA_USAGE = YES_ERROR;
				CLANG_WARN_DOCUMENTATION_COMMENTS = YES;
				CLANG_WARN_EMPTY_BODY = YES;
				CLANG_WARN_ENUM_CONVERSION = YES;
				CLANG_WARN_INFINITE_RECURSION = YES;
				CLANG_WARN_INT_CONVERSION = YES;
				CLANG_WARN_NON_LITERAL_NULL_CONVERSION = YES;
				CLANG_WARN_OBJC_IMPLICIT_RETAIN_SELF = YES;
				CLANG_WARN_OBJC_LITERAL_CONVERSION = YES;
				CLANG_WARN_OBJC_ROOT_CLASS = YES_ERROR;
				CLANG_WARN_QUOTED_INCLUDE_IN_FRAMEWORK_HEADER = YES;
				CLANG_WARN_RANGE_LOOP_ANALYSIS = YES;
				CLANG_WARN_STRICT_PROTOTYPES = YES;
				CLANG_WARN_SUSPICIOUS_MOVE = YES;
				CLANG_WARN_UNGUARDED_AVAILABILITY = YES_AGGRESSIVE;
				CLANG_WARN_UNREACHABLE_CODE = YES;
				CLANG_WARN__DUPLICATE_METHOD_MATCH = YES;
				COPY_PHASE_STRIP = NO;
				DEBUG_INFORMATION_FORMAT = "dwarf-with-dsym";
				ENABLE_NS_ASSERTIONS = NO;
				ENABLE_STRICT_OBJC_MSGSEND = YES;
				GCC_C_LANGUAGE_STANDARD = gnu11;
				GCC_NO_COMMON_BLOCKS = YES;
				GCC_WARN_64_TO_32_BIT_CONVERSION = YES;
				GCC_WARN_ABOUT_RETURN_TYPE = YES_ERROR;
				GCC_WARN_UNDECLARED_SELECTOR = YES;
				GCC_WARN_UNINITIALIZED_AUTOS = YES_AGGRESSIVE;
				GCC_WARN_UNUSED_FUNCTION = YES;
				GCC_WARN_UNUSED_VARIABLE = YES;
				IPHONEOS_DEPLOYMENT_TARGET = 12.0;
				MTL_ENABLE_DEBUG_INFO = NO;
				MTL_FAST_MATH = YES;
				SDKROOT = iphoneos;
				SWIFT_COMPILATION_MODE = wholemodule;
				SWIFT_OPTIMIZATION_LEVEL = "-O";
				VALIDATE_PRODUCT = YES;
			};
			name = Release;
		};
		49239713293EF96900CC84FA /* Debug */ = {
			isa = XCBuildConfiguration;
			buildSettings = {
				ASSETCATALOG_COMPILER_APPICON_NAME = AppIcon;
				ASSETCATALOG_COMPILER_GLOBAL_ACCENT_COLOR_NAME = AccentColor;
				CODE_SIGN_STYLE = Automatic;
				CURRENT_PROJECT_VERSION = 1;
				DEVELOPMENT_TEAM = JG52YH39VN;
				GENERATE_INFOPLIST_FILE = YES;
				INFOPLIST_FILE = iOSUIKitXib/Info.plist;
				INFOPLIST_KEY_UIApplicationSupportsIndirectInputEvents = YES;
				INFOPLIST_KEY_UILaunchStoryboardName = LaunchScreen.storyboard;
				INFOPLIST_KEY_UISupportedInterfaceOrientations_iPad = "UIInterfaceOrientationPortrait UIInterfaceOrientationPortraitUpsideDown UIInterfaceOrientationLandscapeLeft UIInterfaceOrientationLandscapeRight";
				INFOPLIST_KEY_UISupportedInterfaceOrientations_iPhone = "UIInterfaceOrientationPortrait UIInterfaceOrientationLandscapeLeft UIInterfaceOrientationLandscapeRight";
				IPHONEOS_DEPLOYMENT_TARGET = 13.0;
				LD_RUNPATH_SEARCH_PATHS = (
					"$(inherited)",
					"@executable_path/Frameworks",
				);
				MARKETING_VERSION = 1.0;
				PRODUCT_BUNDLE_IDENTIFIER = com.n76i.iOSUIKitXib;
				PRODUCT_NAME = "$(TARGET_NAME)";
				SWIFT_EMIT_LOC_STRINGS = YES;
				SWIFT_VERSION = 5.0;
				TARGETED_DEVICE_FAMILY = "1,2";
			};
			name = Debug;
		};
		49239714293EF96900CC84FA /* Release */ = {
			isa = XCBuildConfiguration;
			buildSettings = {
				ASSETCATALOG_COMPILER_APPICON_NAME = AppIcon;
				ASSETCATALOG_COMPILER_GLOBAL_ACCENT_COLOR_NAME = AccentColor;
				CODE_SIGN_STYLE = Automatic;
				CURRENT_PROJECT_VERSION = 1;
				DEVELOPMENT_TEAM = JG52YH39VN;
				GENERATE_INFOPLIST_FILE = YES;
				INFOPLIST_FILE = iOSUIKitXib/Info.plist;
				INFOPLIST_KEY_UIApplicationSupportsIndirectInputEvents = YES;
				INFOPLIST_KEY_UILaunchStoryboardName = LaunchScreen.storyboard;
				INFOPLIST_KEY_UISupportedInterfaceOrientations_iPad = "UIInterfaceOrientationPortrait UIInterfaceOrientationPortraitUpsideDown UIInterfaceOrientationLandscapeLeft UIInterfaceOrientationLandscapeRight";
				INFOPLIST_KEY_UISupportedInterfaceOrientations_iPhone = "UIInterfaceOrientationPortrait UIInterfaceOrientationLandscapeLeft UIInterfaceOrientationLandscapeRight";
				IPHONEOS_DEPLOYMENT_TARGET = 13.0;
				LD_RUNPATH_SEARCH_PATHS = (
					"$(inherited)",
					"@executable_path/Frameworks",
				);
				MARKETING_VERSION = 1.0;
				PRODUCT_BUNDLE_IDENTIFIER = com.n76i.iOSUIKitXib;
				PRODUCT_NAME = "$(TARGET_NAME)";
				SWIFT_EMIT_LOC_STRINGS = YES;
				SWIFT_VERSION = 5.0;
				TARGETED_DEVICE_FAMILY = "1,2";
			};
			name = Release;
		};
/* End XCBuildConfiguration section */

/* Begin XCConfigurationList section */
		492396F9293EF96800CC84FA /* Build configuration list for PBXProject "iOSUIKitXib" */ = {
			isa = XCConfigurationList;
			buildConfigurations = (
				49239710293EF96900CC84FA /* Debug */,
				49239711293EF96900CC84FA /* Release */,
			);
			defaultConfigurationIsVisible = 0;
			defaultConfigurationName = Release;
		};
		49239712293EF96900CC84FA /* Build configuration list for PBXNativeTarget "iOSUIKitXib" */ = {
			isa = XCConfigurationList;
			buildConfigurations = (
				49239713293EF96900CC84FA /* Debug */,
				49239714293EF96900CC84FA /* Release */,
			);
			defaultConfigurationIsVisible = 0;
			defaultConfigurationName = Release;
		};
/* End XCConfigurationList section */
	};
	rootObject = 492396F6293EF96800CC84FA /* Project object */;
}
